// !$*UTF8*$!
{
	archiveVersion = 1;
	classes = {
	};
	objectVersion = 56;
	objects = {

/* Begin PBXBuildFile section */
		7E02AF8E2C6FCA6A0088BDB4 /* ApiKeys.swift in Sources */ = {isa = PBXBuildFile; fileRef = 7E02AF8D2C6FCA6A0088BDB4 /* ApiKeys.swift */; };
		7E0EEED02C38075200E239AC /* GoogleService-Info.plist in Resources */ = {isa = PBXBuildFile; fileRef = 7E0EEECF2C38075200E239AC /* GoogleService-Info.plist */; };
		7E2AA4D62C6A4BB400083963 /* SplashScreenView.swift in Sources */ = {isa = PBXBuildFile; fileRef = 7E2AA4D52C6A4BB400083963 /* SplashScreenView.swift */; };
		7E2AA4DA2C6A53ED00083963 /* SplashScreenMusic.mp3 in Resources */ = {isa = PBXBuildFile; fileRef = 7E2AA4D92C6A53EC00083963 /* SplashScreenMusic.mp3 */; };
		7E443FE82C3374A4007A3854 /* DelishDishApp.swift in Sources */ = {isa = PBXBuildFile; fileRef = 7E443FE72C3374A4007A3854 /* DelishDishApp.swift */; };
		7E443FEC2C3374A7007A3854 /* Assets.xcassets in Resources */ = {isa = PBXBuildFile; fileRef = 7E443FEB2C3374A7007A3854 /* Assets.xcassets */; };
		7E443FEF2C3374A7007A3854 /* Preview Assets.xcassets in Resources */ = {isa = PBXBuildFile; fileRef = 7E443FEE2C3374A7007A3854 /* Preview Assets.xcassets */; };
		7E456E122C4150F900295310 /* FavouriteViewModel.swift in Sources */ = {isa = PBXBuildFile; fileRef = 7E456E112C4150F900295310 /* FavouriteViewModel.swift */; };
		7E4B96FE2C48106400031877 /* FirebaseAnalytics in Frameworks */ = {isa = PBXBuildFile; productRef = 7E4B96FD2C48106400031877 /* FirebaseAnalytics */; };
		7E4B97002C48106400031877 /* FirebaseAnalyticsOnDeviceConversion in Frameworks */ = {isa = PBXBuildFile; productRef = 7E4B96FF2C48106400031877 /* FirebaseAnalyticsOnDeviceConversion */; };
		7E4B97022C48106400031877 /* FirebaseAnalyticsSwift in Frameworks */ = {isa = PBXBuildFile; productRef = 7E4B97012C48106400031877 /* FirebaseAnalyticsSwift */; };
		7E4B97042C48106400031877 /* FirebaseAnalyticsWithoutAdIdSupport in Frameworks */ = {isa = PBXBuildFile; productRef = 7E4B97032C48106400031877 /* FirebaseAnalyticsWithoutAdIdSupport */; };
		7E4B97062C48106400031877 /* FirebaseAppCheck in Frameworks */ = {isa = PBXBuildFile; productRef = 7E4B97052C48106400031877 /* FirebaseAppCheck */; };
		7E4B97082C48106400031877 /* FirebaseAuth in Frameworks */ = {isa = PBXBuildFile; productRef = 7E4B97072C48106400031877 /* FirebaseAuth */; };
		7E4B970A2C48106400031877 /* FirebaseAuthCombine-Community in Frameworks */ = {isa = PBXBuildFile; productRef = 7E4B97092C48106400031877 /* FirebaseAuthCombine-Community */; };
		7E4B970C2C48106400031877 /* FirebaseCrashlytics in Frameworks */ = {isa = PBXBuildFile; productRef = 7E4B970B2C48106400031877 /* FirebaseCrashlytics */; };
		7E4B970E2C48106400031877 /* FirebaseDatabase in Frameworks */ = {isa = PBXBuildFile; productRef = 7E4B970D2C48106400031877 /* FirebaseDatabase */; };
		7E4B97102C48106400031877 /* FirebaseDatabaseSwift in Frameworks */ = {isa = PBXBuildFile; productRef = 7E4B970F2C48106400031877 /* FirebaseDatabaseSwift */; };
		7E4B97122C48106400031877 /* FirebaseFirestore in Frameworks */ = {isa = PBXBuildFile; productRef = 7E4B97112C48106400031877 /* FirebaseFirestore */; };
		7E4B97142C48106400031877 /* FirebaseFirestoreCombine-Community in Frameworks */ = {isa = PBXBuildFile; productRef = 7E4B97132C48106400031877 /* FirebaseFirestoreCombine-Community */; };
		7E4B97162C48106400031877 /* FirebaseFirestoreSwift in Frameworks */ = {isa = PBXBuildFile; productRef = 7E4B97152C48106400031877 /* FirebaseFirestoreSwift */; };
		7E4B97182C48106400031877 /* FirebaseFunctions in Frameworks */ = {isa = PBXBuildFile; productRef = 7E4B97172C48106400031877 /* FirebaseFunctions */; };
		7E4B971A2C48106400031877 /* FirebaseFunctionsCombine-Community in Frameworks */ = {isa = PBXBuildFile; productRef = 7E4B97192C48106400031877 /* FirebaseFunctionsCombine-Community */; };
		7E4B971C2C48106400031877 /* FirebaseInstallations in Frameworks */ = {isa = PBXBuildFile; productRef = 7E4B971B2C48106400031877 /* FirebaseInstallations */; };
		7E4B971E2C48106400031877 /* FirebaseMessaging in Frameworks */ = {isa = PBXBuildFile; productRef = 7E4B971D2C48106400031877 /* FirebaseMessaging */; };
		7E4B97202C48106400031877 /* FirebasePerformance in Frameworks */ = {isa = PBXBuildFile; productRef = 7E4B971F2C48106400031877 /* FirebasePerformance */; };
		7E4B97222C48106400031877 /* FirebaseStorage in Frameworks */ = {isa = PBXBuildFile; productRef = 7E4B97212C48106400031877 /* FirebaseStorage */; };
		7E4B97242C48106400031877 /* FirebaseStorageCombine-Community in Frameworks */ = {isa = PBXBuildFile; productRef = 7E4B97232C48106400031877 /* FirebaseStorageCombine-Community */; };
		7E4B97262C48106400031877 /* FirebaseVertexAI-Preview in Frameworks */ = {isa = PBXBuildFile; productRef = 7E4B97252C48106400031877 /* FirebaseVertexAI-Preview */; };
		7E68A2AD2C3E7FF0002D1792 /* RecipesListView.swift in Sources */ = {isa = PBXBuildFile; fileRef = 7E68A2AC2C3E7FF0002D1792 /* RecipesListView.swift */; };
		7E68A2AF2C3E8009002D1792 /* FavouriteView.swift in Sources */ = {isa = PBXBuildFile; fileRef = 7E68A2AE2C3E8009002D1792 /* FavouriteView.swift */; };
		7E68A2B12C3E8124002D1792 /* ToDoListView.swift in Sources */ = {isa = PBXBuildFile; fileRef = 7E68A2B02C3E8124002D1792 /* ToDoListView.swift */; };
		7E68A2B32C3EC6A6002D1792 /* RecipesListViewModel.swift in Sources */ = {isa = PBXBuildFile; fileRef = 7E68A2B22C3EC6A6002D1792 /* RecipesListViewModel.swift */; };
		7E68A2B52C3EC6CA002D1792 /* Meal.swift in Sources */ = {isa = PBXBuildFile; fileRef = 7E68A2B42C3EC6CA002D1792 /* Meal.swift */; };
		7E68A2B72C3EC736002D1792 /* RecipesDetailsView.swift in Sources */ = {isa = PBXBuildFile; fileRef = 7E68A2B62C3EC736002D1792 /* RecipesDetailsView.swift */; };
		7E68A2B92C3EC9DD002D1792 /* RecipesApiRepository.swift in Sources */ = {isa = PBXBuildFile; fileRef = 7E68A2B82C3EC9DD002D1792 /* RecipesApiRepository.swift */; };
		7E68A2BB2C3EF250002D1792 /* ContentView.swift in Sources */ = {isa = PBXBuildFile; fileRef = 7E68A2BA2C3EF250002D1792 /* ContentView.swift */; };
		7E7B7D842C6BAE7A005A4A59 /* SplashScreenViewModel.swift in Sources */ = {isa = PBXBuildFile; fileRef = 7E7B7D832C6BAE7A005A4A59 /* SplashScreenViewModel.swift */; };
		7E8B29B32C3C027100A049E1 /* SettingsView.swift in Sources */ = {isa = PBXBuildFile; fileRef = 7E8B29B22C3C027100A049E1 /* SettingsView.swift */; };
		7E9A701C2C63AF4600AD963C /* Chat.swift in Sources */ = {isa = PBXBuildFile; fileRef = 7E9A701B2C63AF4600AD963C /* Chat.swift */; };
		7E9A701E2C63AF6B00AD963C /* OpenAI.swift in Sources */ = {isa = PBXBuildFile; fileRef = 7E9A701D2C63AF6B00AD963C /* OpenAI.swift */; };
		7E9A70202C63AF8E00AD963C /* RecipesOpenAIRepository.swift in Sources */ = {isa = PBXBuildFile; fileRef = 7E9A701F2C63AF8E00AD963C /* RecipesOpenAIRepository.swift */; };
		7E9A70222C63AFD700AD963C /* RecipesAIViewModel.swift in Sources */ = {isa = PBXBuildFile; fileRef = 7E9A70212C63AFD700AD963C /* RecipesAIViewModel.swift */; };
		7E9A70242C63B00800AD963C /* MessageView.swift in Sources */ = {isa = PBXBuildFile; fileRef = 7E9A70232C63B00800AD963C /* MessageView.swift */; };
		7E9A70282C63B26E00AD963C /* RecipesAIView.swift in Sources */ = {isa = PBXBuildFile; fileRef = 7E9A70272C63B26E00AD963C /* RecipesAIView.swift */; };
		7EC505ED2C380F790004E66F /* LoginViewModel.swift in Sources */ = {isa = PBXBuildFile; fileRef = 7EC505EC2C380F790004E66F /* LoginViewModel.swift */; };
		7EC505EF2C380F8A0004E66F /* LoginView.swift in Sources */ = {isa = PBXBuildFile; fileRef = 7EC505EE2C380F8A0004E66F /* LoginView.swift */; };
		7EE5D9A32C4AD991007F1F03 /* ToDoListViewModel.swift in Sources */ = {isa = PBXBuildFile; fileRef = 7EE5D9A22C4AD991007F1F03 /* ToDoListViewModel.swift */; };
		7EE5D9A52C4ADA58007F1F03 /* FireToDoItem.swift in Sources */ = {isa = PBXBuildFile; fileRef = 7EE5D9A42C4ADA58007F1F03 /* FireToDoItem.swift */; };
		7EE5D9A72C4BB149007F1F03 /* AddToDoListView.swift in Sources */ = {isa = PBXBuildFile; fileRef = 7EE5D9A62C4BB149007F1F03 /* AddToDoListView.swift */; };
		7EE5D9A92C4BB162007F1F03 /* EditToDoListView.swift in Sources */ = {isa = PBXBuildFile; fileRef = 7EE5D9A82C4BB162007F1F03 /* EditToDoListView.swift */; };
		7EF273FC2C7341F40059579C /* Localizable.xcstrings in Resources */ = {isa = PBXBuildFile; fileRef = 7EF273FB2C7341F40059579C /* Localizable.xcstrings */; };
		7EF91B0F2C383EB400E246B8 /* FireUser.swift in Sources */ = {isa = PBXBuildFile; fileRef = 7EF91B0E2C383EB400E246B8 /* FireUser.swift */; };
		7EF91B112C38468200E246B8 /* RegistrierenView.swift in Sources */ = {isa = PBXBuildFile; fileRef = 7EF91B102C38468200E246B8 /* RegistrierenView.swift */; };
		7EF91B132C3847E600E246B8 /* AuthentificationView.swift in Sources */ = {isa = PBXBuildFile; fileRef = 7EF91B122C3847E600E246B8 /* AuthentificationView.swift */; };
/* End PBXBuildFile section */

/* Begin PBXFileReference section */
		7E02AF8D2C6FCA6A0088BDB4 /* ApiKeys.swift */ = {isa = PBXFileReference; lastKnownFileType = sourcecode.swift; path = ApiKeys.swift; sourceTree = "<group>"; };
		7E0EEECF2C38075200E239AC /* GoogleService-Info.plist */ = {isa = PBXFileReference; fileEncoding = 4; lastKnownFileType = text.plist.xml; path = "GoogleService-Info.plist"; sourceTree = "<group>"; };
		7E2AA4D52C6A4BB400083963 /* SplashScreenView.swift */ = {isa = PBXFileReference; lastKnownFileType = sourcecode.swift; path = SplashScreenView.swift; sourceTree = "<group>"; };
		7E2AA4D92C6A53EC00083963 /* SplashScreenMusic.mp3 */ = {isa = PBXFileReference; lastKnownFileType = audio.mp3; path = SplashScreenMusic.mp3; sourceTree = "<group>"; };
		7E443FE42C3374A4007A3854 /* DelishDish.app */ = {isa = PBXFileReference; explicitFileType = wrapper.application; includeInIndex = 0; path = DelishDish.app; sourceTree = BUILT_PRODUCTS_DIR; };
		7E443FE72C3374A4007A3854 /* DelishDishApp.swift */ = {isa = PBXFileReference; lastKnownFileType = sourcecode.swift; path = DelishDishApp.swift; sourceTree = "<group>"; };
		7E443FEB2C3374A7007A3854 /* Assets.xcassets */ = {isa = PBXFileReference; lastKnownFileType = folder.assetcatalog; path = Assets.xcassets; sourceTree = "<group>"; };
		7E443FEE2C3374A7007A3854 /* Preview Assets.xcassets */ = {isa = PBXFileReference; lastKnownFileType = folder.assetcatalog; path = "Preview Assets.xcassets"; sourceTree = "<group>"; };
		7E456E112C4150F900295310 /* FavouriteViewModel.swift */ = {isa = PBXFileReference; lastKnownFileType = sourcecode.swift; path = FavouriteViewModel.swift; sourceTree = "<group>"; };
		7E68A2AC2C3E7FF0002D1792 /* RecipesListView.swift */ = {isa = PBXFileReference; lastKnownFileType = sourcecode.swift; path = RecipesListView.swift; sourceTree = "<group>"; };
		7E68A2AE2C3E8009002D1792 /* FavouriteView.swift */ = {isa = PBXFileReference; lastKnownFileType = sourcecode.swift; path = FavouriteView.swift; sourceTree = "<group>"; };
		7E68A2B02C3E8124002D1792 /* ToDoListView.swift */ = {isa = PBXFileReference; lastKnownFileType = sourcecode.swift; path = ToDoListView.swift; sourceTree = "<group>"; };
		7E68A2B22C3EC6A6002D1792 /* RecipesListViewModel.swift */ = {isa = PBXFileReference; lastKnownFileType = sourcecode.swift; path = RecipesListViewModel.swift; sourceTree = "<group>"; };
		7E68A2B42C3EC6CA002D1792 /* Meal.swift */ = {isa = PBXFileReference; lastKnownFileType = sourcecode.swift; path = Meal.swift; sourceTree = "<group>"; };
		7E68A2B62C3EC736002D1792 /* RecipesDetailsView.swift */ = {isa = PBXFileReference; lastKnownFileType = sourcecode.swift; path = RecipesDetailsView.swift; sourceTree = "<group>"; };
		7E68A2B82C3EC9DD002D1792 /* RecipesApiRepository.swift */ = {isa = PBXFileReference; lastKnownFileType = sourcecode.swift; path = RecipesApiRepository.swift; sourceTree = "<group>"; };
		7E68A2BA2C3EF250002D1792 /* ContentView.swift */ = {isa = PBXFileReference; lastKnownFileType = sourcecode.swift; path = ContentView.swift; sourceTree = "<group>"; };
		7E7B7D832C6BAE7A005A4A59 /* SplashScreenViewModel.swift */ = {isa = PBXFileReference; lastKnownFileType = sourcecode.swift; path = SplashScreenViewModel.swift; sourceTree = "<group>"; };
		7E8B29B22C3C027100A049E1 /* SettingsView.swift */ = {isa = PBXFileReference; lastKnownFileType = sourcecode.swift; path = SettingsView.swift; sourceTree = "<group>"; };
		7E9A701B2C63AF4600AD963C /* Chat.swift */ = {isa = PBXFileReference; lastKnownFileType = sourcecode.swift; path = Chat.swift; sourceTree = "<group>"; };
		7E9A701D2C63AF6B00AD963C /* OpenAI.swift */ = {isa = PBXFileReference; lastKnownFileType = sourcecode.swift; path = OpenAI.swift; sourceTree = "<group>"; };
		7E9A701F2C63AF8E00AD963C /* RecipesOpenAIRepository.swift */ = {isa = PBXFileReference; lastKnownFileType = sourcecode.swift; path = RecipesOpenAIRepository.swift; sourceTree = "<group>"; };
		7E9A70212C63AFD700AD963C /* RecipesAIViewModel.swift */ = {isa = PBXFileReference; lastKnownFileType = sourcecode.swift; path = RecipesAIViewModel.swift; sourceTree = "<group>"; };
		7E9A70232C63B00800AD963C /* MessageView.swift */ = {isa = PBXFileReference; lastKnownFileType = sourcecode.swift; path = MessageView.swift; sourceTree = "<group>"; };
		7E9A70272C63B26E00AD963C /* RecipesAIView.swift */ = {isa = PBXFileReference; lastKnownFileType = sourcecode.swift; path = RecipesAIView.swift; sourceTree = "<group>"; };
		7EC505EC2C380F790004E66F /* LoginViewModel.swift */ = {isa = PBXFileReference; lastKnownFileType = sourcecode.swift; path = LoginViewModel.swift; sourceTree = "<group>"; };
		7EC505EE2C380F8A0004E66F /* LoginView.swift */ = {isa = PBXFileReference; lastKnownFileType = sourcecode.swift; path = LoginView.swift; sourceTree = "<group>"; };
		7EE5D9A22C4AD991007F1F03 /* ToDoListViewModel.swift */ = {isa = PBXFileReference; lastKnownFileType = sourcecode.swift; path = ToDoListViewModel.swift; sourceTree = "<group>"; };
		7EE5D9A42C4ADA58007F1F03 /* FireToDoItem.swift */ = {isa = PBXFileReference; lastKnownFileType = sourcecode.swift; path = FireToDoItem.swift; sourceTree = "<group>"; };
		7EE5D9A62C4BB149007F1F03 /* AddToDoListView.swift */ = {isa = PBXFileReference; lastKnownFileType = sourcecode.swift; path = AddToDoListView.swift; sourceTree = "<group>"; };
		7EE5D9A82C4BB162007F1F03 /* EditToDoListView.swift */ = {isa = PBXFileReference; lastKnownFileType = sourcecode.swift; path = EditToDoListView.swift; sourceTree = "<group>"; };
		7EF273FB2C7341F40059579C /* Localizable.xcstrings */ = {isa = PBXFileReference; lastKnownFileType = text.json.xcstrings; path = Localizable.xcstrings; sourceTree = "<group>"; };
		7EF91B0E2C383EB400E246B8 /* FireUser.swift */ = {isa = PBXFileReference; lastKnownFileType = sourcecode.swift; path = FireUser.swift; sourceTree = "<group>"; };
		7EF91B102C38468200E246B8 /* RegistrierenView.swift */ = {isa = PBXFileReference; lastKnownFileType = sourcecode.swift; path = RegistrierenView.swift; sourceTree = "<group>"; };
		7EF91B122C3847E600E246B8 /* AuthentificationView.swift */ = {isa = PBXFileReference; lastKnownFileType = sourcecode.swift; path = AuthentificationView.swift; sourceTree = "<group>"; };
/* End PBXFileReference section */

/* Begin PBXFrameworksBuildPhase section */
		7E443FE12C3374A4007A3854 /* Frameworks */ = {
			isa = PBXFrameworksBuildPhase;
			buildActionMask = 2147483647;
			files = (
				7E4B97102C48106400031877 /* FirebaseDatabaseSwift in Frameworks */,
				7E4B97182C48106400031877 /* FirebaseFunctions in Frameworks */,
				7E4B97242C48106400031877 /* FirebaseStorageCombine-Community in Frameworks */,
				7E4B97262C48106400031877 /* FirebaseVertexAI-Preview in Frameworks */,
				7E4B97202C48106400031877 /* FirebasePerformance in Frameworks */,
				7E4B97022C48106400031877 /* FirebaseAnalyticsSwift in Frameworks */,
				7E4B97082C48106400031877 /* FirebaseAuth in Frameworks */,
				7E4B96FE2C48106400031877 /* FirebaseAnalytics in Frameworks */,
				7E4B97002C48106400031877 /* FirebaseAnalyticsOnDeviceConversion in Frameworks */,
				7E4B97062C48106400031877 /* FirebaseAppCheck in Frameworks */,
				7E4B970C2C48106400031877 /* FirebaseCrashlytics in Frameworks */,
				7E4B97222C48106400031877 /* FirebaseStorage in Frameworks */,
				7E4B971A2C48106400031877 /* FirebaseFunctionsCombine-Community in Frameworks */,
				7E4B971E2C48106400031877 /* FirebaseMessaging in Frameworks */,
				7E4B97162C48106400031877 /* FirebaseFirestoreSwift in Frameworks */,
				7E4B970E2C48106400031877 /* FirebaseDatabase in Frameworks */,
				7E4B971C2C48106400031877 /* FirebaseInstallations in Frameworks */,
				7E4B970A2C48106400031877 /* FirebaseAuthCombine-Community in Frameworks */,
				7E4B97142C48106400031877 /* FirebaseFirestoreCombine-Community in Frameworks */,
				7E4B97122C48106400031877 /* FirebaseFirestore in Frameworks */,
				7E4B97042C48106400031877 /* FirebaseAnalyticsWithoutAdIdSupport in Frameworks */,
			);
			runOnlyForDeploymentPostprocessing = 0;
		};
/* End PBXFrameworksBuildPhase section */

/* Begin PBXGroup section */
		7E2AA4D42C6A4B4000083963 /* SplashScreenView */ = {
			isa = PBXGroup;
			children = (
				7E2AA4D52C6A4BB400083963 /* SplashScreenView.swift */,
				7E7B7D832C6BAE7A005A4A59 /* SplashScreenViewModel.swift */,
				7E2AA4D92C6A53EC00083963 /* SplashScreenMusic.mp3 */,
			);
			path = SplashScreenView;
			sourceTree = "<group>";
		};
		7E3C570C2C3FE8CE00EA324F /* Repository */ = {
			isa = PBXGroup;
			children = (
				7E68A2B82C3EC9DD002D1792 /* RecipesApiRepository.swift */,
				7E9A701F2C63AF8E00AD963C /* RecipesOpenAIRepository.swift */,
				7E02AF8D2C6FCA6A0088BDB4 /* ApiKeys.swift */,
			);
			path = Repository;
			sourceTree = "<group>";
		};
		7E443FDB2C3374A4007A3854 = {
			isa = PBXGroup;
			children = (
				7E443FE62C3374A4007A3854 /* DelishDish */,
				7E443FE52C3374A4007A3854 /* Products */,
			);
			sourceTree = "<group>";
		};
		7E443FE52C3374A4007A3854 /* Products */ = {
			isa = PBXGroup;
			children = (
				7E443FE42C3374A4007A3854 /* DelishDish.app */,
			);
			name = Products;
			sourceTree = "<group>";
		};
		7E443FE62C3374A4007A3854 /* DelishDish */ = {
			isa = PBXGroup;
			children = (
				7E443FE72C3374A4007A3854 /* DelishDishApp.swift */,
				7E3C570C2C3FE8CE00EA324F /* Repository */,
				7E8B29B02C3BFF6300A049E1 /* Model */,
				7EB276002C5248DF00BF1168 /* LoginAndRegisterView */,
				7EB276012C52493B00BF1168 /* RecipesListViewAndRecipesDetailsView */,
				7EB276022C5249F700BF1168 /* FavouriteView */,
				7E9A70182C63837400AD963C /* RecipesAIView */,
				7E8B29B12C3C024B00A049E1 /* ToDoListView */,
				7E2AA4D42C6A4B4000083963 /* SplashScreenView */,
				7E68A2BA2C3EF250002D1792 /* ContentView.swift */,
				7E443FEB2C3374A7007A3854 /* Assets.xcassets */,
				7E0EEECF2C38075200E239AC /* GoogleService-Info.plist */,
				7E443FED2C3374A7007A3854 /* Preview Content */,
				7EF273FB2C7341F40059579C /* Localizable.xcstrings */,
			);
			path = DelishDish;
			sourceTree = "<group>";
		};
		7E443FED2C3374A7007A3854 /* Preview Content */ = {
			isa = PBXGroup;
			children = (
				7E443FEE2C3374A7007A3854 /* Preview Assets.xcassets */,
			);
			path = "Preview Content";
			sourceTree = "<group>";
		};
		7E8B29B02C3BFF6300A049E1 /* Model */ = {
			isa = PBXGroup;
			children = (
				7EF91B0E2C383EB400E246B8 /* FireUser.swift */,
				7E68A2B42C3EC6CA002D1792 /* Meal.swift */,
				7EE5D9A42C4ADA58007F1F03 /* FireToDoItem.swift */,
				7E9A701B2C63AF4600AD963C /* Chat.swift */,
				7E9A701D2C63AF6B00AD963C /* OpenAI.swift */,
			);
			path = Model;
			sourceTree = "<group>";
		};
		7E8B29B12C3C024B00A049E1 /* ToDoListView */ = {
			isa = PBXGroup;
			children = (
				7EE5D9A62C4BB149007F1F03 /* AddToDoListView.swift */,
				7E68A2B02C3E8124002D1792 /* ToDoListView.swift */,
				7EE5D9A82C4BB162007F1F03 /* EditToDoListView.swift */,
				7EE5D9A22C4AD991007F1F03 /* ToDoListViewModel.swift */,
			);
			path = ToDoListView;
			sourceTree = "<group>";
		};
		7E9A70182C63837400AD963C /* RecipesAIView */ = {
			isa = PBXGroup;
			children = (
				7E9A70232C63B00800AD963C /* MessageView.swift */,
				7E9A70272C63B26E00AD963C /* RecipesAIView.swift */,
				7E9A70212C63AFD700AD963C /* RecipesAIViewModel.swift */,
			);
			path = RecipesAIView;
			sourceTree = "<group>";
		};
		7EB276002C5248DF00BF1168 /* LoginAndRegisterView */ = {
			isa = PBXGroup;
			children = (
				7EC505EE2C380F8A0004E66F /* LoginView.swift */,
				7EF91B102C38468200E246B8 /* RegistrierenView.swift */,
				7EF91B122C3847E600E246B8 /* AuthentificationView.swift */,
				7EC505EC2C380F790004E66F /* LoginViewModel.swift */,
				7E8B29B22C3C027100A049E1 /* SettingsView.swift */,
			);
			path = LoginAndRegisterView;
			sourceTree = "<group>";
		};
		7EB276012C52493B00BF1168 /* RecipesListViewAndRecipesDetailsView */ = {
			isa = PBXGroup;
			children = (
				7E68A2AC2C3E7FF0002D1792 /* RecipesListView.swift */,
				7E68A2B62C3EC736002D1792 /* RecipesDetailsView.swift */,
				7E68A2B22C3EC6A6002D1792 /* RecipesListViewModel.swift */,
			);
			path = RecipesListViewAndRecipesDetailsView;
			sourceTree = "<group>";
		};
		7EB276022C5249F700BF1168 /* FavouriteView */ = {
			isa = PBXGroup;
			children = (
				7E68A2AE2C3E8009002D1792 /* FavouriteView.swift */,
				7E456E112C4150F900295310 /* FavouriteViewModel.swift */,
			);
			path = FavouriteView;
			sourceTree = "<group>";
		};
/* End PBXGroup section */

/* Begin PBXNativeTarget section */
		7E443FE32C3374A4007A3854 /* DelishDish */ = {
			isa = PBXNativeTarget;
			buildConfigurationList = 7E443FF22C3374A7007A3854 /* Build configuration list for PBXNativeTarget "DelishDish" */;
			buildPhases = (
				7E443FE02C3374A4007A3854 /* Sources */,
				7E443FE12C3374A4007A3854 /* Frameworks */,
				7E443FE22C3374A4007A3854 /* Resources */,
			);
			buildRules = (
			);
			dependencies = (
			);
			name = DelishDish;
			packageProductDependencies = (
				7E4B96FD2C48106400031877 /* FirebaseAnalytics */,
				7E4B96FF2C48106400031877 /* FirebaseAnalyticsOnDeviceConversion */,
				7E4B97012C48106400031877 /* FirebaseAnalyticsSwift */,
				7E4B97032C48106400031877 /* FirebaseAnalyticsWithoutAdIdSupport */,
				7E4B97052C48106400031877 /* FirebaseAppCheck */,
				7E4B97072C48106400031877 /* FirebaseAuth */,
				7E4B97092C48106400031877 /* FirebaseAuthCombine-Community */,
				7E4B970B2C48106400031877 /* FirebaseCrashlytics */,
				7E4B970D2C48106400031877 /* FirebaseDatabase */,
				7E4B970F2C48106400031877 /* FirebaseDatabaseSwift */,
				7E4B97112C48106400031877 /* FirebaseFirestore */,
				7E4B97132C48106400031877 /* FirebaseFirestoreCombine-Community */,
				7E4B97152C48106400031877 /* FirebaseFirestoreSwift */,
				7E4B97172C48106400031877 /* FirebaseFunctions */,
				7E4B97192C48106400031877 /* FirebaseFunctionsCombine-Community */,
				7E4B971B2C48106400031877 /* FirebaseInstallations */,
				7E4B971D2C48106400031877 /* FirebaseMessaging */,
				7E4B971F2C48106400031877 /* FirebasePerformance */,
				7E4B97212C48106400031877 /* FirebaseStorage */,
				7E4B97232C48106400031877 /* FirebaseStorageCombine-Community */,
				7E4B97252C48106400031877 /* FirebaseVertexAI-Preview */,
			);
			productName = DelishDish;
			productReference = 7E443FE42C3374A4007A3854 /* DelishDish.app */;
			productType = "com.apple.product-type.application";
		};
/* End PBXNativeTarget section */

/* Begin PBXProject section */
		7E443FDC2C3374A4007A3854 /* Project object */ = {
			isa = PBXProject;
			attributes = {
				BuildIndependentTargetsInParallel = 1;
				LastSwiftUpdateCheck = 1540;
				LastUpgradeCheck = 1540;
				TargetAttributes = {
					7E443FE32C3374A4007A3854 = {
						CreatedOnToolsVersion = 15.4;
					};
				};
			};
			buildConfigurationList = 7E443FDF2C3374A4007A3854 /* Build configuration list for PBXProject "DelishDish" */;
			compatibilityVersion = "Xcode 14.0";
			developmentRegion = en;
			hasScannedForEncodings = 0;
			knownRegions = (
				en,
				Base,
				de,
				tr,
			);
			mainGroup = 7E443FDB2C3374A4007A3854;
			packageReferences = (
				7E4B96FC2C48106400031877 /* XCRemoteSwiftPackageReference "firebase-ios-sdk" */,
			);
			productRefGroup = 7E443FE52C3374A4007A3854 /* Products */;
			projectDirPath = "";
			projectRoot = "";
			targets = (
				7E443FE32C3374A4007A3854 /* DelishDish */,
			);
		};
/* End PBXProject section */

/* Begin PBXResourcesBuildPhase section */
		7E443FE22C3374A4007A3854 /* Resources */ = {
			isa = PBXResourcesBuildPhase;
			buildActionMask = 2147483647;
			files = (
				7E443FEF2C3374A7007A3854 /* Preview Assets.xcassets in Resources */,
				7EF273FC2C7341F40059579C /* Localizable.xcstrings in Resources */,
				7E443FEC2C3374A7007A3854 /* Assets.xcassets in Resources */,
				7E0EEED02C38075200E239AC /* GoogleService-Info.plist in Resources */,
				7E2AA4DA2C6A53ED00083963 /* SplashScreenMusic.mp3 in Resources */,
			);
			runOnlyForDeploymentPostprocessing = 0;
		};
/* End PBXResourcesBuildPhase section */

/* Begin PBXSourcesBuildPhase section */
		7E443FE02C3374A4007A3854 /* Sources */ = {
			isa = PBXSourcesBuildPhase;
			buildActionMask = 2147483647;
			files = (
				7EE5D9A32C4AD991007F1F03 /* ToDoListViewModel.swift in Sources */,
				7EE5D9A52C4ADA58007F1F03 /* FireToDoItem.swift in Sources */,
				7EE5D9A72C4BB149007F1F03 /* AddToDoListView.swift in Sources */,
				7E9A701E2C63AF6B00AD963C /* OpenAI.swift in Sources */,
				7E68A2B32C3EC6A6002D1792 /* RecipesListViewModel.swift in Sources */,
				7E9A70202C63AF8E00AD963C /* RecipesOpenAIRepository.swift in Sources */,
				7E68A2B12C3E8124002D1792 /* ToDoListView.swift in Sources */,
				7E2AA4D62C6A4BB400083963 /* SplashScreenView.swift in Sources */,
				7E7B7D842C6BAE7A005A4A59 /* SplashScreenViewModel.swift in Sources */,
				7E456E122C4150F900295310 /* FavouriteViewModel.swift in Sources */,
				7E68A2B52C3EC6CA002D1792 /* Meal.swift in Sources */,
				7EF91B0F2C383EB400E246B8 /* FireUser.swift in Sources */,
				7E68A2B72C3EC736002D1792 /* RecipesDetailsView.swift in Sources */,
				7E68A2AF2C3E8009002D1792 /* FavouriteView.swift in Sources */,
				7E8B29B32C3C027100A049E1 /* SettingsView.swift in Sources */,
				7E9A70282C63B26E00AD963C /* RecipesAIView.swift in Sources */,
				7E9A70222C63AFD700AD963C /* RecipesAIViewModel.swift in Sources */,
				7E02AF8E2C6FCA6A0088BDB4 /* ApiKeys.swift in Sources */,
				7E443FE82C3374A4007A3854 /* DelishDishApp.swift in Sources */,
				7E9A701C2C63AF4600AD963C /* Chat.swift in Sources */,
				7EF91B132C3847E600E246B8 /* AuthentificationView.swift in Sources */,
				7E68A2B92C3EC9DD002D1792 /* RecipesApiRepository.swift in Sources */,
				7E9A70242C63B00800AD963C /* MessageView.swift in Sources */,
				7EF91B112C38468200E246B8 /* RegistrierenView.swift in Sources */,
				7E68A2BB2C3EF250002D1792 /* ContentView.swift in Sources */,
				7EC505EF2C380F8A0004E66F /* LoginView.swift in Sources */,
				7EE5D9A92C4BB162007F1F03 /* EditToDoListView.swift in Sources */,
				7E68A2AD2C3E7FF0002D1792 /* RecipesListView.swift in Sources */,
				7EC505ED2C380F790004E66F /* LoginViewModel.swift in Sources */,
			);
			runOnlyForDeploymentPostprocessing = 0;
		};
/* End PBXSourcesBuildPhase section */

/* Begin XCBuildConfiguration section */
		7E443FF02C3374A7007A3854 /* Debug */ = {
			isa = XCBuildConfiguration;
			buildSettings = {
				ALWAYS_SEARCH_USER_PATHS = NO;
				ASSETCATALOG_COMPILER_GENERATE_SWIFT_ASSET_SYMBOL_EXTENSIONS = YES;
				CLANG_ANALYZER_NONNULL = YES;
				CLANG_ANALYZER_NUMBER_OBJECT_CONVERSION = YES_AGGRESSIVE;
				CLANG_CXX_LANGUAGE_STANDARD = "gnu++20";
				CLANG_ENABLE_MODULES = YES;
				CLANG_ENABLE_OBJC_ARC = YES;
				CLANG_ENABLE_OBJC_WEAK = YES;
				CLANG_WARN_BLOCK_CAPTURE_AUTORELEASING = YES;
				CLANG_WARN_BOOL_CONVERSION = YES;
				CLANG_WARN_COMMA = YES;
				CLANG_WARN_CONSTANT_CONVERSION = YES;
				CLANG_WARN_DEPRECATED_OBJC_IMPLEMENTATIONS = YES;
				CLANG_WARN_DIRECT_OBJC_ISA_USAGE = YES_ERROR;
				CLANG_WARN_DOCUMENTATION_COMMENTS = YES;
				CLANG_WARN_EMPTY_BODY = YES;
				CLANG_WARN_ENUM_CONVERSION = YES;
				CLANG_WARN_INFINITE_RECURSION = YES;
				CLANG_WARN_INT_CONVERSION = YES;
				CLANG_WARN_NON_LITERAL_NULL_CONVERSION = YES;
				CLANG_WARN_OBJC_IMPLICIT_RETAIN_SELF = YES;
				CLANG_WARN_OBJC_LITERAL_CONVERSION = YES;
				CLANG_WARN_OBJC_ROOT_CLASS = YES_ERROR;
				CLANG_WARN_QUOTED_INCLUDE_IN_FRAMEWORK_HEADER = YES;
				CLANG_WARN_RANGE_LOOP_ANALYSIS = YES;
				CLANG_WARN_STRICT_PROTOTYPES = YES;
				CLANG_WARN_SUSPICIOUS_MOVE = YES;
				CLANG_WARN_UNGUARDED_AVAILABILITY = YES_AGGRESSIVE;
				CLANG_WARN_UNREACHABLE_CODE = YES;
				CLANG_WARN__DUPLICATE_METHOD_MATCH = YES;
				COPY_PHASE_STRIP = NO;
				DEBUG_INFORMATION_FORMAT = dwarf;
				ENABLE_STRICT_OBJC_MSGSEND = YES;
				ENABLE_TESTABILITY = YES;
				ENABLE_USER_SCRIPT_SANDBOXING = YES;
				GCC_C_LANGUAGE_STANDARD = gnu17;
				GCC_DYNAMIC_NO_PIC = NO;
				GCC_NO_COMMON_BLOCKS = YES;
				GCC_OPTIMIZATION_LEVEL = 0;
				GCC_PREPROCESSOR_DEFINITIONS = (
					"DEBUG=1",
					"$(inherited)",
				);
				GCC_WARN_64_TO_32_BIT_CONVERSION = YES;
				GCC_WARN_ABOUT_RETURN_TYPE = YES_ERROR;
				GCC_WARN_UNDECLARED_SELECTOR = YES;
				GCC_WARN_UNINITIALIZED_AUTOS = YES_AGGRESSIVE;
				GCC_WARN_UNUSED_FUNCTION = YES;
				GCC_WARN_UNUSED_VARIABLE = YES;
				IPHONEOS_DEPLOYMENT_TARGET = 17.5;
				LOCALIZATION_PREFERS_STRING_CATALOGS = YES;
				MTL_ENABLE_DEBUG_INFO = INCLUDE_SOURCE;
				MTL_FAST_MATH = YES;
				ONLY_ACTIVE_ARCH = YES;
				SDKROOT = iphoneos;
				SWIFT_ACTIVE_COMPILATION_CONDITIONS = "DEBUG $(inherited)";
				SWIFT_OPTIMIZATION_LEVEL = "-Onone";
			};
			name = Debug;
		};
		7E443FF12C3374A7007A3854 /* Release */ = {
			isa = XCBuildConfiguration;
			buildSettings = {
				ALWAYS_SEARCH_USER_PATHS = NO;
				ASSETCATALOG_COMPILER_GENERATE_SWIFT_ASSET_SYMBOL_EXTENSIONS = YES;
				CLANG_ANALYZER_NONNULL = YES;
				CLANG_ANALYZER_NUMBER_OBJECT_CONVERSION = YES_AGGRESSIVE;
				CLANG_CXX_LANGUAGE_STANDARD = "gnu++20";
				CLANG_ENABLE_MODULES = YES;
				CLANG_ENABLE_OBJC_ARC = YES;
				CLANG_ENABLE_OBJC_WEAK = YES;
				CLANG_WARN_BLOCK_CAPTURE_AUTORELEASING = YES;
				CLANG_WARN_BOOL_CONVERSION = YES;
				CLANG_WARN_COMMA = YES;
				CLANG_WARN_CONSTANT_CONVERSION = YES;
				CLANG_WARN_DEPRECATED_OBJC_IMPLEMENTATIONS = YES;
				CLANG_WARN_DIRECT_OBJC_ISA_USAGE = YES_ERROR;
				CLANG_WARN_DOCUMENTATION_COMMENTS = YES;
				CLANG_WARN_EMPTY_BODY = YES;
				CLANG_WARN_ENUM_CONVERSION = YES;
				CLANG_WARN_INFINITE_RECURSION = YES;
				CLANG_WARN_INT_CONVERSION = YES;
				CLANG_WARN_NON_LITERAL_NULL_CONVERSION = YES;
				CLANG_WARN_OBJC_IMPLICIT_RETAIN_SELF = YES;
				CLANG_WARN_OBJC_LITERAL_CONVERSION = YES;
				CLANG_WARN_OBJC_ROOT_CLASS = YES_ERROR;
				CLANG_WARN_QUOTED_INCLUDE_IN_FRAMEWORK_HEADER = YES;
				CLANG_WARN_RANGE_LOOP_ANALYSIS = YES;
				CLANG_WARN_STRICT_PROTOTYPES = YES;
				CLANG_WARN_SUSPICIOUS_MOVE = YES;
				CLANG_WARN_UNGUARDED_AVAILABILITY = YES_AGGRESSIVE;
				CLANG_WARN_UNREACHABLE_CODE = YES;
				CLANG_WARN__DUPLICATE_METHOD_MATCH = YES;
				COPY_PHASE_STRIP = NO;
				DEBUG_INFORMATION_FORMAT = "dwarf-with-dsym";
				ENABLE_NS_ASSERTIONS = NO;
				ENABLE_STRICT_OBJC_MSGSEND = YES;
				ENABLE_USER_SCRIPT_SANDBOXING = YES;
				GCC_C_LANGUAGE_STANDARD = gnu17;
				GCC_NO_COMMON_BLOCKS = YES;
				GCC_WARN_64_TO_32_BIT_CONVERSION = YES;
				GCC_WARN_ABOUT_RETURN_TYPE = YES_ERROR;
				GCC_WARN_UNDECLARED_SELECTOR = YES;
				GCC_WARN_UNINITIALIZED_AUTOS = YES_AGGRESSIVE;
				GCC_WARN_UNUSED_FUNCTION = YES;
				GCC_WARN_UNUSED_VARIABLE = YES;
				IPHONEOS_DEPLOYMENT_TARGET = 17.5;
				LOCALIZATION_PREFERS_STRING_CATALOGS = YES;
				MTL_ENABLE_DEBUG_INFO = NO;
				MTL_FAST_MATH = YES;
				SDKROOT = iphoneos;
				SWIFT_COMPILATION_MODE = wholemodule;
				VALIDATE_PRODUCT = YES;
			};
			name = Release;
		};
		7E443FF32C3374A7007A3854 /* Debug */ = {
			isa = XCBuildConfiguration;
			buildSettings = {
				ASSETCATALOG_COMPILER_APPICON_NAME = AppIcon;
				ASSETCATALOG_COMPILER_GLOBAL_ACCENT_COLOR_NAME = AccentColor;
				CODE_SIGN_STYLE = Automatic;
				CURRENT_PROJECT_VERSION = 1;
				DEVELOPMENT_ASSET_PATHS = "\"DelishDish/Preview Content\"";
				DEVELOPMENT_TEAM = PSG73K8W9X;
				ENABLE_PREVIEWS = YES;
				GENERATE_INFOPLIST_FILE = YES;
				INFOPLIST_KEY_UIApplicationSceneManifest_Generation = YES;
				INFOPLIST_KEY_UIApplicationSupportsIndirectInputEvents = YES;
				INFOPLIST_KEY_UILaunchScreen_Generation = YES;
				INFOPLIST_KEY_UISupportedInterfaceOrientations_iPad = "UIInterfaceOrientationPortrait UIInterfaceOrientationPortraitUpsideDown UIInterfaceOrientationLandscapeLeft UIInterfaceOrientationLandscapeRight";
				INFOPLIST_KEY_UISupportedInterfaceOrientations_iPhone = "UIInterfaceOrientationPortrait UIInterfaceOrientationLandscapeLeft UIInterfaceOrientationLandscapeRight";
				IPHONEOS_DEPLOYMENT_TARGET = 17.5;
				LD_RUNPATH_SEARCH_PATHS = (
					"$(inherited)",
					"@executable_path/Frameworks",
				);
				MARKETING_VERSION = 1.0;
				PRODUCT_BUNDLE_IDENTIFIER = com.volkans.DelishDish;
				PRODUCT_NAME = "$(TARGET_NAME)";
				SWIFT_EMIT_LOC_STRINGS = YES;
				SWIFT_VERSION = 5.0;
				TARGETED_DEVICE_FAMILY = "1,2";
			};
			name = Debug;
		};
		7E443FF42C3374A7007A3854 /* Release */ = {
			isa = XCBuildConfiguration;
			buildSettings = {
				ASSETCATALOG_COMPILER_APPICON_NAME = AppIcon;
				ASSETCATALOG_COMPILER_GLOBAL_ACCENT_COLOR_NAME = AccentColor;
				CODE_SIGN_STYLE = Automatic;
				CURRENT_PROJECT_VERSION = 1;
				DEVELOPMENT_ASSET_PATHS = "\"DelishDish/Preview Content\"";
				DEVELOPMENT_TEAM = PSG73K8W9X;
				ENABLE_PREVIEWS = YES;
				GENERATE_INFOPLIST_FILE = YES;
				INFOPLIST_KEY_UIApplicationSceneManifest_Generation = YES;
				INFOPLIST_KEY_UIApplicationSupportsIndirectInputEvents = YES;
				INFOPLIST_KEY_UILaunchScreen_Generation = YES;
				INFOPLIST_KEY_UISupportedInterfaceOrientations_iPad = "UIInterfaceOrientationPortrait UIInterfaceOrientationPortraitUpsideDown UIInterfaceOrientationLandscapeLeft UIInterfaceOrientationLandscapeRight";
				INFOPLIST_KEY_UISupportedInterfaceOrientations_iPhone = "UIInterfaceOrientationPortrait UIInterfaceOrientationLandscapeLeft UIInterfaceOrientationLandscapeRight";
				IPHONEOS_DEPLOYMENT_TARGET = 17.5;
				LD_RUNPATH_SEARCH_PATHS = (
					"$(inherited)",
					"@executable_path/Frameworks",
				);
				MARKETING_VERSION = 1.0;
				PRODUCT_BUNDLE_IDENTIFIER = com.volkans.DelishDish;
				PRODUCT_NAME = "$(TARGET_NAME)";
				SWIFT_EMIT_LOC_STRINGS = YES;
				SWIFT_VERSION = 5.0;
				TARGETED_DEVICE_FAMILY = "1,2";
			};
			name = Release;
		};
/* End XCBuildConfiguration section */

/* Begin XCConfigurationList section */
		7E443FDF2C3374A4007A3854 /* Build configuration list for PBXProject "DelishDish" */ = {
			isa = XCConfigurationList;
			buildConfigurations = (
				7E443FF02C3374A7007A3854 /* Debug */,
				7E443FF12C3374A7007A3854 /* Release */,
			);
			defaultConfigurationIsVisible = 0;
			defaultConfigurationName = Release;
		};
		7E443FF22C3374A7007A3854 /* Build configuration list for PBXNativeTarget "DelishDish" */ = {
			isa = XCConfigurationList;
			buildConfigurations = (
				7E443FF32C3374A7007A3854 /* Debug */,
				7E443FF42C3374A7007A3854 /* Release */,
			);
			defaultConfigurationIsVisible = 0;
			defaultConfigurationName = Release;
		};
/* End XCConfigurationList section */

/* Begin XCRemoteSwiftPackageReference section */
		7E4B96FC2C48106400031877 /* XCRemoteSwiftPackageReference "firebase-ios-sdk" */ = {
			isa = XCRemoteSwiftPackageReference;
			repositoryURL = "https://github.com/firebase/firebase-ios-sdk.git";
			requirement = {
				kind = upToNextMajorVersion;
				minimumVersion = 10.29.0;
			};
		};
/* End XCRemoteSwiftPackageReference section */

/* Begin XCSwiftPackageProductDependency section */
		7E4B96FD2C48106400031877 /* FirebaseAnalytics */ = {
			isa = XCSwiftPackageProductDependency;
			package = 7E4B96FC2C48106400031877 /* XCRemoteSwiftPackageReference "firebase-ios-sdk" */;
			productName = FirebaseAnalytics;
		};
		7E4B96FF2C48106400031877 /* FirebaseAnalyticsOnDeviceConversion */ = {
			isa = XCSwiftPackageProductDependency;
			package = 7E4B96FC2C48106400031877 /* XCRemoteSwiftPackageReference "firebase-ios-sdk" */;
			productName = FirebaseAnalyticsOnDeviceConversion;
		};
		7E4B97012C48106400031877 /* FirebaseAnalyticsSwift */ = {
			isa = XCSwiftPackageProductDependency;
			package = 7E4B96FC2C48106400031877 /* XCRemoteSwiftPackageReference "firebase-ios-sdk" */;
			productName = FirebaseAnalyticsSwift;
		};
		7E4B97032C48106400031877 /* FirebaseAnalyticsWithoutAdIdSupport */ = {
			isa = XCSwiftPackageProductDependency;
			package = 7E4B96FC2C48106400031877 /* XCRemoteSwiftPackageReference "firebase-ios-sdk" */;
			productName = FirebaseAnalyticsWithoutAdIdSupport;
		};
		7E4B97052C48106400031877 /* FirebaseAppCheck */ = {
			isa = XCSwiftPackageProductDependency;
			package = 7E4B96FC2C48106400031877 /* XCRemoteSwiftPackageReference "firebase-ios-sdk" */;
			productName = FirebaseAppCheck;
		};
		7E4B97072C48106400031877 /* FirebaseAuth */ = {
			isa = XCSwiftPackageProductDependency;
			package = 7E4B96FC2C48106400031877 /* XCRemoteSwiftPackageReference "firebase-ios-sdk" */;
			productName = FirebaseAuth;
		};
		7E4B97092C48106400031877 /* FirebaseAuthCombine-Community */ = {
			isa = XCSwiftPackageProductDependency;
			package = 7E4B96FC2C48106400031877 /* XCRemoteSwiftPackageReference "firebase-ios-sdk" */;
			productName = "FirebaseAuthCombine-Community";
		};
		7E4B970B2C48106400031877 /* FirebaseCrashlytics */ = {
			isa = XCSwiftPackageProductDependency;
			package = 7E4B96FC2C48106400031877 /* XCRemoteSwiftPackageReference "firebase-ios-sdk" */;
			productName = FirebaseCrashlytics;
		};
		7E4B970D2C48106400031877 /* FirebaseDatabase */ = {
			isa = XCSwiftPackageProductDependency;
			package = 7E4B96FC2C48106400031877 /* XCRemoteSwiftPackageReference "firebase-ios-sdk" */;
			productName = FirebaseDatabase;
		};
		7E4B970F2C48106400031877 /* FirebaseDatabaseSwift */ = {
			isa = XCSwiftPackageProductDependency;
			package = 7E4B96FC2C48106400031877 /* XCRemoteSwiftPackageReference "firebase-ios-sdk" */;
			productName = FirebaseDatabaseSwift;
		};
		7E4B97112C48106400031877 /* FirebaseFirestore */ = {
			isa = XCSwiftPackageProductDependency;
			package = 7E4B96FC2C48106400031877 /* XCRemoteSwiftPackageReference "firebase-ios-sdk" */;
			productName = FirebaseFirestore;
		};
		7E4B97132C48106400031877 /* FirebaseFirestoreCombine-Community */ = {
			isa = XCSwiftPackageProductDependency;
			package = 7E4B96FC2C48106400031877 /* XCRemoteSwiftPackageReference "firebase-ios-sdk" */;
			productName = "FirebaseFirestoreCombine-Community";
		};
		7E4B97152C48106400031877 /* FirebaseFirestoreSwift */ = {
			isa = XCSwiftPackageProductDependency;
			package = 7E4B96FC2C48106400031877 /* XCRemoteSwiftPackageReference "firebase-ios-sdk" */;
			productName = FirebaseFirestoreSwift;
		};
		7E4B97172C48106400031877 /* FirebaseFunctions */ = {
			isa = XCSwiftPackageProductDependency;
			package = 7E4B96FC2C48106400031877 /* XCRemoteSwiftPackageReference "firebase-ios-sdk" */;
			productName = FirebaseFunctions;
		};
		7E4B97192C48106400031877 /* FirebaseFunctionsCombine-Community */ = {
			isa = XCSwiftPackageProductDependency;
			package = 7E4B96FC2C48106400031877 /* XCRemoteSwiftPackageReference "firebase-ios-sdk" */;
			productName = "FirebaseFunctionsCombine-Community";
		};
		7E4B971B2C48106400031877 /* FirebaseInstallations */ = {
			isa = XCSwiftPackageProductDependency;
			package = 7E4B96FC2C48106400031877 /* XCRemoteSwiftPackageReference "firebase-ios-sdk" */;
			productName = FirebaseInstallations;
		};
		7E4B971D2C48106400031877 /* FirebaseMessaging */ = {
			isa = XCSwiftPackageProductDependency;
			package = 7E4B96FC2C48106400031877 /* XCRemoteSwiftPackageReference "firebase-ios-sdk" */;
			productName = FirebaseMessaging;
		};
		7E4B971F2C48106400031877 /* FirebasePerformance */ = {
			isa = XCSwiftPackageProductDependency;
			package = 7E4B96FC2C48106400031877 /* XCRemoteSwiftPackageReference "firebase-ios-sdk" */;
			productName = FirebasePerformance;
		};
		7E4B97212C48106400031877 /* FirebaseStorage */ = {
			isa = XCSwiftPackageProductDependency;
			package = 7E4B96FC2C48106400031877 /* XCRemoteSwiftPackageReference "firebase-ios-sdk" */;
			productName = FirebaseStorage;
		};
		7E4B97232C48106400031877 /* FirebaseStorageCombine-Community */ = {
			isa = XCSwiftPackageProductDependency;
			package = 7E4B96FC2C48106400031877 /* XCRemoteSwiftPackageReference "firebase-ios-sdk" */;
			productName = "FirebaseStorageCombine-Community";
		};
		7E4B97252C48106400031877 /* FirebaseVertexAI-Preview */ = {
			isa = XCSwiftPackageProductDependency;
			package = 7E4B96FC2C48106400031877 /* XCRemoteSwiftPackageReference "firebase-ios-sdk" */;
			productName = "FirebaseVertexAI-Preview";
		};
/* End XCSwiftPackageProductDependency section */
	};
	rootObject = 7E443FDC2C3374A4007A3854 /* Project object */;
}
