// !$*UTF8*$!
{
	archiveVersion = 1;
	classes = {
	};
	objectVersion = 56;
	objects = {

/* Begin PBXBuildFile section */
		7E0EEED02C38075200E239AC /* GoogleService-Info.plist in Resources */ = {isa = PBXBuildFile; fileRef = 7E0EEECF2C38075200E239AC /* GoogleService-Info.plist */; };
		7E0EEED32C38082600E239AC /* FirebaseAnalytics in Frameworks */ = {isa = PBXBuildFile; productRef = 7E0EEED22C38082600E239AC /* FirebaseAnalytics */; };
		7E0EEED52C38082600E239AC /* FirebaseAnalyticsOnDeviceConversion in Frameworks */ = {isa = PBXBuildFile; productRef = 7E0EEED42C38082600E239AC /* FirebaseAnalyticsOnDeviceConversion */; };
		7E0EEED72C38082600E239AC /* FirebaseAnalyticsSwift in Frameworks */ = {isa = PBXBuildFile; productRef = 7E0EEED62C38082600E239AC /* FirebaseAnalyticsSwift */; };
		7E0EEED92C38082600E239AC /* FirebaseAnalyticsWithoutAdIdSupport in Frameworks */ = {isa = PBXBuildFile; productRef = 7E0EEED82C38082600E239AC /* FirebaseAnalyticsWithoutAdIdSupport */; };
		7E0EEEDB2C38082600E239AC /* FirebaseAppCheck in Frameworks */ = {isa = PBXBuildFile; productRef = 7E0EEEDA2C38082600E239AC /* FirebaseAppCheck */; };
		7E0EEEDD2C38082600E239AC /* FirebaseAppDistribution-Beta in Frameworks */ = {isa = PBXBuildFile; productRef = 7E0EEEDC2C38082600E239AC /* FirebaseAppDistribution-Beta */; };
		7E0EEEDF2C38082600E239AC /* FirebaseAuth in Frameworks */ = {isa = PBXBuildFile; productRef = 7E0EEEDE2C38082600E239AC /* FirebaseAuth */; };
		7E0EEEE12C38082600E239AC /* FirebaseAuthCombine-Community in Frameworks */ = {isa = PBXBuildFile; productRef = 7E0EEEE02C38082600E239AC /* FirebaseAuthCombine-Community */; };
		7E0EEEE32C38082600E239AC /* FirebaseCrashlytics in Frameworks */ = {isa = PBXBuildFile; productRef = 7E0EEEE22C38082600E239AC /* FirebaseCrashlytics */; };
		7E0EEEE52C38082600E239AC /* FirebaseDatabase in Frameworks */ = {isa = PBXBuildFile; productRef = 7E0EEEE42C38082600E239AC /* FirebaseDatabase */; };
		7E0EEEE72C38082600E239AC /* FirebaseDatabaseSwift in Frameworks */ = {isa = PBXBuildFile; productRef = 7E0EEEE62C38082600E239AC /* FirebaseDatabaseSwift */; };
		7E0EEEE92C38082600E239AC /* FirebaseDynamicLinks in Frameworks */ = {isa = PBXBuildFile; productRef = 7E0EEEE82C38082600E239AC /* FirebaseDynamicLinks */; };
		7E0EEEEB2C38082600E239AC /* FirebaseFirestore in Frameworks */ = {isa = PBXBuildFile; productRef = 7E0EEEEA2C38082600E239AC /* FirebaseFirestore */; };
		7E0EEEED2C38082600E239AC /* FirebaseFirestoreCombine-Community in Frameworks */ = {isa = PBXBuildFile; productRef = 7E0EEEEC2C38082600E239AC /* FirebaseFirestoreCombine-Community */; };
		7E0EEEEF2C38082600E239AC /* FirebaseFirestoreSwift in Frameworks */ = {isa = PBXBuildFile; productRef = 7E0EEEEE2C38082600E239AC /* FirebaseFirestoreSwift */; };
		7E0EEEF12C38082600E239AC /* FirebaseFunctions in Frameworks */ = {isa = PBXBuildFile; productRef = 7E0EEEF02C38082600E239AC /* FirebaseFunctions */; };
		7E0EEEF32C38082600E239AC /* FirebaseFunctionsCombine-Community in Frameworks */ = {isa = PBXBuildFile; productRef = 7E0EEEF22C38082600E239AC /* FirebaseFunctionsCombine-Community */; };
		7E0EEEF52C38082600E239AC /* FirebaseInAppMessaging-Beta in Frameworks */ = {isa = PBXBuildFile; productRef = 7E0EEEF42C38082600E239AC /* FirebaseInAppMessaging-Beta */; };
		7E0EEEF72C38082600E239AC /* FirebaseInAppMessagingSwift-Beta in Frameworks */ = {isa = PBXBuildFile; productRef = 7E0EEEF62C38082600E239AC /* FirebaseInAppMessagingSwift-Beta */; };
		7E0EEEF92C38082600E239AC /* FirebaseInstallations in Frameworks */ = {isa = PBXBuildFile; productRef = 7E0EEEF82C38082600E239AC /* FirebaseInstallations */; };
		7E0EEEFB2C38082600E239AC /* FirebaseMLModelDownloader in Frameworks */ = {isa = PBXBuildFile; productRef = 7E0EEEFA2C38082600E239AC /* FirebaseMLModelDownloader */; };
		7E0EEEFD2C38082600E239AC /* FirebaseMessaging in Frameworks */ = {isa = PBXBuildFile; productRef = 7E0EEEFC2C38082600E239AC /* FirebaseMessaging */; };
		7E0EEEFF2C38082600E239AC /* FirebasePerformance in Frameworks */ = {isa = PBXBuildFile; productRef = 7E0EEEFE2C38082600E239AC /* FirebasePerformance */; };
		7E0EEF012C38082600E239AC /* FirebaseRemoteConfig in Frameworks */ = {isa = PBXBuildFile; productRef = 7E0EEF002C38082600E239AC /* FirebaseRemoteConfig */; };
		7E0EEF032C38082600E239AC /* FirebaseRemoteConfigSwift in Frameworks */ = {isa = PBXBuildFile; productRef = 7E0EEF022C38082600E239AC /* FirebaseRemoteConfigSwift */; settings = {ATTRIBUTES = (Required, ); }; };
		7E0EEF052C38082600E239AC /* FirebaseStorage in Frameworks */ = {isa = PBXBuildFile; productRef = 7E0EEF042C38082600E239AC /* FirebaseStorage */; };
		7E0EEF072C38082600E239AC /* FirebaseStorageCombine-Community in Frameworks */ = {isa = PBXBuildFile; productRef = 7E0EEF062C38082600E239AC /* FirebaseStorageCombine-Community */; };
		7E0EEF092C38082600E239AC /* FirebaseVertexAI-Preview in Frameworks */ = {isa = PBXBuildFile; productRef = 7E0EEF082C38082600E239AC /* FirebaseVertexAI-Preview */; };
		7E443FE82C3374A4007A3854 /* DelishDishApp.swift in Sources */ = {isa = PBXBuildFile; fileRef = 7E443FE72C3374A4007A3854 /* DelishDishApp.swift */; };
		7E443FEC2C3374A7007A3854 /* Assets.xcassets in Resources */ = {isa = PBXBuildFile; fileRef = 7E443FEB2C3374A7007A3854 /* Assets.xcassets */; };
		7E443FEF2C3374A7007A3854 /* Preview Assets.xcassets in Resources */ = {isa = PBXBuildFile; fileRef = 7E443FEE2C3374A7007A3854 /* Preview Assets.xcassets */; };
		7E68A2AD2C3E7FF0002D1792 /* RecipesListView.swift in Sources */ = {isa = PBXBuildFile; fileRef = 7E68A2AC2C3E7FF0002D1792 /* RecipesListView.swift */; };
		7E68A2AF2C3E8009002D1792 /* FavouriteView.swift in Sources */ = {isa = PBXBuildFile; fileRef = 7E68A2AE2C3E8009002D1792 /* FavouriteView.swift */; };
		7E68A2B12C3E8124002D1792 /* ToDoView.swift in Sources */ = {isa = PBXBuildFile; fileRef = 7E68A2B02C3E8124002D1792 /* ToDoView.swift */; };
		7E68A2B32C3EC6A6002D1792 /* RecipesListViewModel.swift in Sources */ = {isa = PBXBuildFile; fileRef = 7E68A2B22C3EC6A6002D1792 /* RecipesListViewModel.swift */; };
		7E68A2B52C3EC6CA002D1792 /* Meal.swift in Sources */ = {isa = PBXBuildFile; fileRef = 7E68A2B42C3EC6CA002D1792 /* Meal.swift */; };
		7E68A2B72C3EC736002D1792 /* RecipesDetailsView.swift in Sources */ = {isa = PBXBuildFile; fileRef = 7E68A2B62C3EC736002D1792 /* RecipesDetailsView.swift */; };
		7E68A2B92C3EC9DD002D1792 /* RecipesApiRepository.swift in Sources */ = {isa = PBXBuildFile; fileRef = 7E68A2B82C3EC9DD002D1792 /* RecipesApiRepository.swift */; };
		7E68A2BB2C3EF250002D1792 /* ContentView.swift in Sources */ = {isa = PBXBuildFile; fileRef = 7E68A2BA2C3EF250002D1792 /* ContentView.swift */; };
		7E8B29B32C3C027100A049E1 /* SettingsView.swift in Sources */ = {isa = PBXBuildFile; fileRef = 7E8B29B22C3C027100A049E1 /* SettingsView.swift */; };
		7EC505ED2C380F790004E66F /* LoginViewModel.swift in Sources */ = {isa = PBXBuildFile; fileRef = 7EC505EC2C380F790004E66F /* LoginViewModel.swift */; };
		7EC505EF2C380F8A0004E66F /* LoginView.swift in Sources */ = {isa = PBXBuildFile; fileRef = 7EC505EE2C380F8A0004E66F /* LoginView.swift */; };
		7EF91B0F2C383EB400E246B8 /* FireUser.swift in Sources */ = {isa = PBXBuildFile; fileRef = 7EF91B0E2C383EB400E246B8 /* FireUser.swift */; };
		7EF91B112C38468200E246B8 /* RegistrierenView.swift in Sources */ = {isa = PBXBuildFile; fileRef = 7EF91B102C38468200E246B8 /* RegistrierenView.swift */; };
		7EF91B132C3847E600E246B8 /* AuthentificationView.swift in Sources */ = {isa = PBXBuildFile; fileRef = 7EF91B122C3847E600E246B8 /* AuthentificationView.swift */; };
/* End PBXBuildFile section */

/* Begin PBXFileReference section */
		7E0EEECF2C38075200E239AC /* GoogleService-Info.plist */ = {isa = PBXFileReference; fileEncoding = 4; lastKnownFileType = text.plist.xml; path = "GoogleService-Info.plist"; sourceTree = "<group>"; };
		7E443FE42C3374A4007A3854 /* DelishDish.app */ = {isa = PBXFileReference; explicitFileType = wrapper.application; includeInIndex = 0; path = DelishDish.app; sourceTree = BUILT_PRODUCTS_DIR; };
		7E443FE72C3374A4007A3854 /* DelishDishApp.swift */ = {isa = PBXFileReference; lastKnownFileType = sourcecode.swift; path = DelishDishApp.swift; sourceTree = "<group>"; };
		7E443FEB2C3374A7007A3854 /* Assets.xcassets */ = {isa = PBXFileReference; lastKnownFileType = folder.assetcatalog; path = Assets.xcassets; sourceTree = "<group>"; };
		7E443FEE2C3374A7007A3854 /* Preview Assets.xcassets */ = {isa = PBXFileReference; lastKnownFileType = folder.assetcatalog; path = "Preview Assets.xcassets"; sourceTree = "<group>"; };
		7E68A2AC2C3E7FF0002D1792 /* RecipesListView.swift */ = {isa = PBXFileReference; lastKnownFileType = sourcecode.swift; path = RecipesListView.swift; sourceTree = "<group>"; };
		7E68A2AE2C3E8009002D1792 /* FavouriteView.swift */ = {isa = PBXFileReference; lastKnownFileType = sourcecode.swift; path = FavouriteView.swift; sourceTree = "<group>"; };
		7E68A2B02C3E8124002D1792 /* ToDoView.swift */ = {isa = PBXFileReference; lastKnownFileType = sourcecode.swift; path = ToDoView.swift; sourceTree = "<group>"; };
		7E68A2B22C3EC6A6002D1792 /* RecipesListViewModel.swift */ = {isa = PBXFileReference; lastKnownFileType = sourcecode.swift; path = RecipesListViewModel.swift; sourceTree = "<group>"; };
		7E68A2B42C3EC6CA002D1792 /* Meal.swift */ = {isa = PBXFileReference; lastKnownFileType = sourcecode.swift; path = Meal.swift; sourceTree = "<group>"; };
		7E68A2B62C3EC736002D1792 /* RecipesDetailsView.swift */ = {isa = PBXFileReference; lastKnownFileType = sourcecode.swift; path = RecipesDetailsView.swift; sourceTree = "<group>"; };
		7E68A2B82C3EC9DD002D1792 /* RecipesApiRepository.swift */ = {isa = PBXFileReference; lastKnownFileType = sourcecode.swift; path = RecipesApiRepository.swift; sourceTree = "<group>"; };
		7E68A2BA2C3EF250002D1792 /* ContentView.swift */ = {isa = PBXFileReference; lastKnownFileType = sourcecode.swift; path = ContentView.swift; sourceTree = "<group>"; };
		7E8B29B22C3C027100A049E1 /* SettingsView.swift */ = {isa = PBXFileReference; lastKnownFileType = sourcecode.swift; path = SettingsView.swift; sourceTree = "<group>"; };
		7EC505EC2C380F790004E66F /* LoginViewModel.swift */ = {isa = PBXFileReference; lastKnownFileType = sourcecode.swift; path = LoginViewModel.swift; sourceTree = "<group>"; };
		7EC505EE2C380F8A0004E66F /* LoginView.swift */ = {isa = PBXFileReference; lastKnownFileType = sourcecode.swift; path = LoginView.swift; sourceTree = "<group>"; };
		7EF91B0E2C383EB400E246B8 /* FireUser.swift */ = {isa = PBXFileReference; lastKnownFileType = sourcecode.swift; path = FireUser.swift; sourceTree = "<group>"; };
		7EF91B102C38468200E246B8 /* RegistrierenView.swift */ = {isa = PBXFileReference; lastKnownFileType = sourcecode.swift; path = RegistrierenView.swift; sourceTree = "<group>"; };
		7EF91B122C3847E600E246B8 /* AuthentificationView.swift */ = {isa = PBXFileReference; lastKnownFileType = sourcecode.swift; path = AuthentificationView.swift; sourceTree = "<group>"; };
/* End PBXFileReference section */

/* Begin PBXFrameworksBuildPhase section */
		7E443FE12C3374A4007A3854 /* Frameworks */ = {
			isa = PBXFrameworksBuildPhase;
			buildActionMask = 2147483647;
			files = (
				7E0EEEE52C38082600E239AC /* FirebaseDatabase in Frameworks */,
				7E0EEEF32C38082600E239AC /* FirebaseFunctionsCombine-Community in Frameworks */,
				7E0EEEEB2C38082600E239AC /* FirebaseFirestore in Frameworks */,
				7E0EEED72C38082600E239AC /* FirebaseAnalyticsSwift in Frameworks */,
				7E0EEED32C38082600E239AC /* FirebaseAnalytics in Frameworks */,
				7E0EEED52C38082600E239AC /* FirebaseAnalyticsOnDeviceConversion in Frameworks */,
				7E0EEEFB2C38082600E239AC /* FirebaseMLModelDownloader in Frameworks */,
				7E0EEEEF2C38082600E239AC /* FirebaseFirestoreSwift in Frameworks */,
				7E0EEEDB2C38082600E239AC /* FirebaseAppCheck in Frameworks */,
				7E0EEED92C38082600E239AC /* FirebaseAnalyticsWithoutAdIdSupport in Frameworks */,
				7E0EEEDF2C38082600E239AC /* FirebaseAuth in Frameworks */,
				7E0EEEE32C38082600E239AC /* FirebaseCrashlytics in Frameworks */,
				7E0EEF032C38082600E239AC /* FirebaseRemoteConfigSwift in Frameworks */,
				7E0EEEF52C38082600E239AC /* FirebaseInAppMessaging-Beta in Frameworks */,
				7E0EEEE72C38082600E239AC /* FirebaseDatabaseSwift in Frameworks */,
				7E0EEEF12C38082600E239AC /* FirebaseFunctions in Frameworks */,
				7E0EEF072C38082600E239AC /* FirebaseStorageCombine-Community in Frameworks */,
				7E0EEF012C38082600E239AC /* FirebaseRemoteConfig in Frameworks */,
				7E0EEEDD2C38082600E239AC /* FirebaseAppDistribution-Beta in Frameworks */,
				7E0EEEE12C38082600E239AC /* FirebaseAuthCombine-Community in Frameworks */,
				7E0EEEFF2C38082600E239AC /* FirebasePerformance in Frameworks */,
				7E0EEEF72C38082600E239AC /* FirebaseInAppMessagingSwift-Beta in Frameworks */,
				7E0EEF052C38082600E239AC /* FirebaseStorage in Frameworks */,
				7E0EEEE92C38082600E239AC /* FirebaseDynamicLinks in Frameworks */,
				7E0EEF092C38082600E239AC /* FirebaseVertexAI-Preview in Frameworks */,
				7E0EEEED2C38082600E239AC /* FirebaseFirestoreCombine-Community in Frameworks */,
				7E0EEEFD2C38082600E239AC /* FirebaseMessaging in Frameworks */,
				7E0EEEF92C38082600E239AC /* FirebaseInstallations in Frameworks */,
			);
			runOnlyForDeploymentPostprocessing = 0;
		};
/* End PBXFrameworksBuildPhase section */

/* Begin PBXGroup section */
		7E443FDB2C3374A4007A3854 = {
			isa = PBXGroup;
			children = (
				7E443FE62C3374A4007A3854 /* DelishDish */,
				7E443FE52C3374A4007A3854 /* Products */,
			);
			sourceTree = "<group>";
		};
		7E443FE52C3374A4007A3854 /* Products */ = {
			isa = PBXGroup;
			children = (
				7E443FE42C3374A4007A3854 /* DelishDish.app */,
			);
			name = Products;
			sourceTree = "<group>";
		};
		7E443FE62C3374A4007A3854 /* DelishDish */ = {
			isa = PBXGroup;
			children = (
				7E8B29B02C3BFF6300A049E1 /* Model */,
				7E8B29B12C3C024B00A049E1 /* View */,
				7EEB23C02C3C4EAC0038887F /* ViewModel */,
				7E443FEB2C3374A7007A3854 /* Assets.xcassets */,
				7E443FE72C3374A4007A3854 /* DelishDishApp.swift */,
				7E68A2BA2C3EF250002D1792 /* ContentView.swift */,
				7E0EEECF2C38075200E239AC /* GoogleService-Info.plist */,
				7E443FED2C3374A7007A3854 /* Preview Content */,
			);
			path = DelishDish;
			sourceTree = "<group>";
		};
		7E443FED2C3374A7007A3854 /* Preview Content */ = {
			isa = PBXGroup;
			children = (
				7E443FEE2C3374A7007A3854 /* Preview Assets.xcassets */,
			);
			path = "Preview Content";
			sourceTree = "<group>";
		};
		7E8B29B02C3BFF6300A049E1 /* Model */ = {
			isa = PBXGroup;
			children = (
				7EF91B0E2C383EB400E246B8 /* FireUser.swift */,
				7E68A2B42C3EC6CA002D1792 /* Meal.swift */,
				7E68A2B82C3EC9DD002D1792 /* RecipesApiRepository.swift */,
			);
			path = Model;
			sourceTree = "<group>";
		};
		7E8B29B12C3C024B00A049E1 /* View */ = {
			isa = PBXGroup;
			children = (
				7EC505EE2C380F8A0004E66F /* LoginView.swift */,
				7EF91B102C38468200E246B8 /* RegistrierenView.swift */,
				7EF91B122C3847E600E246B8 /* AuthentificationView.swift */,
				7E68A2AC2C3E7FF0002D1792 /* RecipesListView.swift */,
				7E68A2B62C3EC736002D1792 /* RecipesDetailsView.swift */,
				7E68A2AE2C3E8009002D1792 /* FavouriteView.swift */,
				7E68A2B02C3E8124002D1792 /* ToDoView.swift */,
				7E8B29B22C3C027100A049E1 /* SettingsView.swift */,
			);
			path = View;
			sourceTree = "<group>";
		};
		7EEB23C02C3C4EAC0038887F /* ViewModel */ = {
			isa = PBXGroup;
			children = (
				7EC505EC2C380F790004E66F /* LoginViewModel.swift */,
				7E68A2B22C3EC6A6002D1792 /* RecipesListViewModel.swift */,
			);
			path = ViewModel;
			sourceTree = "<group>";
		};
/* End PBXGroup section */

/* Begin PBXNativeTarget section */
		7E443FE32C3374A4007A3854 /* DelishDish */ = {
			isa = PBXNativeTarget;
			buildConfigurationList = 7E443FF22C3374A7007A3854 /* Build configuration list for PBXNativeTarget "DelishDish" */;
			buildPhases = (
				7E443FE02C3374A4007A3854 /* Sources */,
				7E443FE12C3374A4007A3854 /* Frameworks */,
				7E443FE22C3374A4007A3854 /* Resources */,
			);
			buildRules = (
			);
			dependencies = (
			);
			name = DelishDish;
			packageProductDependencies = (
				7E0EEED22C38082600E239AC /* FirebaseAnalytics */,
				7E0EEED42C38082600E239AC /* FirebaseAnalyticsOnDeviceConversion */,
				7E0EEED62C38082600E239AC /* FirebaseAnalyticsSwift */,
				7E0EEED82C38082600E239AC /* FirebaseAnalyticsWithoutAdIdSupport */,
				7E0EEEDA2C38082600E239AC /* FirebaseAppCheck */,
				7E0EEEDC2C38082600E239AC /* FirebaseAppDistribution-Beta */,
				7E0EEEDE2C38082600E239AC /* FirebaseAuth */,
				7E0EEEE02C38082600E239AC /* FirebaseAuthCombine-Community */,
				7E0EEEE22C38082600E239AC /* FirebaseCrashlytics */,
				7E0EEEE42C38082600E239AC /* FirebaseDatabase */,
				7E0EEEE62C38082600E239AC /* FirebaseDatabaseSwift */,
				7E0EEEE82C38082600E239AC /* FirebaseDynamicLinks */,
				7E0EEEEA2C38082600E239AC /* FirebaseFirestore */,
				7E0EEEEC2C38082600E239AC /* FirebaseFirestoreCombine-Community */,
				7E0EEEEE2C38082600E239AC /* FirebaseFirestoreSwift */,
				7E0EEEF02C38082600E239AC /* FirebaseFunctions */,
				7E0EEEF22C38082600E239AC /* FirebaseFunctionsCombine-Community */,
				7E0EEEF42C38082600E239AC /* FirebaseInAppMessaging-Beta */,
				7E0EEEF62C38082600E239AC /* FirebaseInAppMessagingSwift-Beta */,
				7E0EEEF82C38082600E239AC /* FirebaseInstallations */,
				7E0EEEFA2C38082600E239AC /* FirebaseMLModelDownloader */,
				7E0EEEFC2C38082600E239AC /* FirebaseMessaging */,
				7E0EEEFE2C38082600E239AC /* FirebasePerformance */,
				7E0EEF002C38082600E239AC /* FirebaseRemoteConfig */,
				7E0EEF022C38082600E239AC /* FirebaseRemoteConfigSwift */,
				7E0EEF042C38082600E239AC /* FirebaseStorage */,
				7E0EEF062C38082600E239AC /* FirebaseStorageCombine-Community */,
				7E0EEF082C38082600E239AC /* FirebaseVertexAI-Preview */,
			);
			productName = DelishDish;
			productReference = 7E443FE42C3374A4007A3854 /* DelishDish.app */;
			productType = "com.apple.product-type.application";
		};
/* End PBXNativeTarget section */

/* Begin PBXProject section */
		7E443FDC2C3374A4007A3854 /* Project object */ = {
			isa = PBXProject;
			attributes = {
				BuildIndependentTargetsInParallel = 1;
				LastSwiftUpdateCheck = 1540;
				LastUpgradeCheck = 1540;
				TargetAttributes = {
					7E443FE32C3374A4007A3854 = {
						CreatedOnToolsVersion = 15.4;
					};
				};
			};
			buildConfigurationList = 7E443FDF2C3374A4007A3854 /* Build configuration list for PBXProject "DelishDish" */;
			compatibilityVersion = "Xcode 14.0";
			developmentRegion = en;
			hasScannedForEncodings = 0;
			knownRegions = (
				en,
				Base,
			);
			mainGroup = 7E443FDB2C3374A4007A3854;
			packageReferences = (
				7E0EEED12C38082600E239AC /* XCRemoteSwiftPackageReference "firebase-ios-sdk" */,
			);
			productRefGroup = 7E443FE52C3374A4007A3854 /* Products */;
			projectDirPath = "";
			projectRoot = "";
			targets = (
				7E443FE32C3374A4007A3854 /* DelishDish */,
			);
		};
/* End PBXProject section */

/* Begin PBXResourcesBuildPhase section */
		7E443FE22C3374A4007A3854 /* Resources */ = {
			isa = PBXResourcesBuildPhase;
			buildActionMask = 2147483647;
			files = (
				7E443FEF2C3374A7007A3854 /* Preview Assets.xcassets in Resources */,
				7E443FEC2C3374A7007A3854 /* Assets.xcassets in Resources */,
				7E0EEED02C38075200E239AC /* GoogleService-Info.plist in Resources */,
			);
			runOnlyForDeploymentPostprocessing = 0;
		};
/* End PBXResourcesBuildPhase section */

/* Begin PBXSourcesBuildPhase section */
		7E443FE02C3374A4007A3854 /* Sources */ = {
			isa = PBXSourcesBuildPhase;
			buildActionMask = 2147483647;
			files = (
				7E68A2B32C3EC6A6002D1792 /* RecipesListViewModel.swift in Sources */,
				7E68A2B12C3E8124002D1792 /* ToDoView.swift in Sources */,
				7E68A2B52C3EC6CA002D1792 /* Meal.swift in Sources */,
				7EF91B0F2C383EB400E246B8 /* FireUser.swift in Sources */,
				7E68A2B72C3EC736002D1792 /* RecipesDetailsView.swift in Sources */,
				7E68A2AF2C3E8009002D1792 /* FavouriteView.swift in Sources */,
				7E8B29B32C3C027100A049E1 /* SettingsView.swift in Sources */,
				7E443FE82C3374A4007A3854 /* DelishDishApp.swift in Sources */,
				7EF91B132C3847E600E246B8 /* AuthentificationView.swift in Sources */,
				7E68A2B92C3EC9DD002D1792 /* RecipesApiRepository.swift in Sources */,
				7EF91B112C38468200E246B8 /* RegistrierenView.swift in Sources */,
				7E68A2BB2C3EF250002D1792 /* ContentView.swift in Sources */,
				7EC505EF2C380F8A0004E66F /* LoginView.swift in Sources */,
				7E68A2AD2C3E7FF0002D1792 /* RecipesListView.swift in Sources */,
				7EC505ED2C380F790004E66F /* LoginViewModel.swift in Sources */,
			);
			runOnlyForDeploymentPostprocessing = 0;
		};
/* End PBXSourcesBuildPhase section */

/* Begin XCBuildConfiguration section */
		7E443FF02C3374A7007A3854 /* Debug */ = {
			isa = XCBuildConfiguration;
			buildSettings = {
				ALWAYS_SEARCH_USER_PATHS = NO;
				ASSETCATALOG_COMPILER_GENERATE_SWIFT_ASSET_SYMBOL_EXTENSIONS = YES;
				CLANG_ANALYZER_NONNULL = YES;
				CLANG_ANALYZER_NUMBER_OBJECT_CONVERSION = YES_AGGRESSIVE;
				CLANG_CXX_LANGUAGE_STANDARD = "gnu++20";
				CLANG_ENABLE_MODULES = YES;
				CLANG_ENABLE_OBJC_ARC = YES;
				CLANG_ENABLE_OBJC_WEAK = YES;
				CLANG_WARN_BLOCK_CAPTURE_AUTORELEASING = YES;
				CLANG_WARN_BOOL_CONVERSION = YES;
				CLANG_WARN_COMMA = YES;
				CLANG_WARN_CONSTANT_CONVERSION = YES;
				CLANG_WARN_DEPRECATED_OBJC_IMPLEMENTATIONS = YES;
				CLANG_WARN_DIRECT_OBJC_ISA_USAGE = YES_ERROR;
				CLANG_WARN_DOCUMENTATION_COMMENTS = YES;
				CLANG_WARN_EMPTY_BODY = YES;
				CLANG_WARN_ENUM_CONVERSION = YES;
				CLANG_WARN_INFINITE_RECURSION = YES;
				CLANG_WARN_INT_CONVERSION = YES;
				CLANG_WARN_NON_LITERAL_NULL_CONVERSION = YES;
				CLANG_WARN_OBJC_IMPLICIT_RETAIN_SELF = YES;
				CLANG_WARN_OBJC_LITERAL_CONVERSION = YES;
				CLANG_WARN_OBJC_ROOT_CLASS = YES_ERROR;
				CLANG_WARN_QUOTED_INCLUDE_IN_FRAMEWORK_HEADER = YES;
				CLANG_WARN_RANGE_LOOP_ANALYSIS = YES;
				CLANG_WARN_STRICT_PROTOTYPES = YES;
				CLANG_WARN_SUSPICIOUS_MOVE = YES;
				CLANG_WARN_UNGUARDED_AVAILABILITY = YES_AGGRESSIVE;
				CLANG_WARN_UNREACHABLE_CODE = YES;
				CLANG_WARN__DUPLICATE_METHOD_MATCH = YES;
				COPY_PHASE_STRIP = NO;
				DEBUG_INFORMATION_FORMAT = dwarf;
				ENABLE_STRICT_OBJC_MSGSEND = YES;
				ENABLE_TESTABILITY = YES;
				ENABLE_USER_SCRIPT_SANDBOXING = YES;
				GCC_C_LANGUAGE_STANDARD = gnu17;
				GCC_DYNAMIC_NO_PIC = NO;
				GCC_NO_COMMON_BLOCKS = YES;
				GCC_OPTIMIZATION_LEVEL = 0;
				GCC_PREPROCESSOR_DEFINITIONS = (
					"DEBUG=1",
					"$(inherited)",
				);
				GCC_WARN_64_TO_32_BIT_CONVERSION = YES;
				GCC_WARN_ABOUT_RETURN_TYPE = YES_ERROR;
				GCC_WARN_UNDECLARED_SELECTOR = YES;
				GCC_WARN_UNINITIALIZED_AUTOS = YES_AGGRESSIVE;
				GCC_WARN_UNUSED_FUNCTION = YES;
				GCC_WARN_UNUSED_VARIABLE = YES;
				IPHONEOS_DEPLOYMENT_TARGET = 17.5;
				LOCALIZATION_PREFERS_STRING_CATALOGS = YES;
				MTL_ENABLE_DEBUG_INFO = INCLUDE_SOURCE;
				MTL_FAST_MATH = YES;
				ONLY_ACTIVE_ARCH = YES;
				SDKROOT = iphoneos;
				SWIFT_ACTIVE_COMPILATION_CONDITIONS = "DEBUG $(inherited)";
				SWIFT_OPTIMIZATION_LEVEL = "-Onone";
			};
			name = Debug;
		};
		7E443FF12C3374A7007A3854 /* Release */ = {
			isa = XCBuildConfiguration;
			buildSettings = {
				ALWAYS_SEARCH_USER_PATHS = NO;
				ASSETCATALOG_COMPILER_GENERATE_SWIFT_ASSET_SYMBOL_EXTENSIONS = YES;
				CLANG_ANALYZER_NONNULL = YES;
				CLANG_ANALYZER_NUMBER_OBJECT_CONVERSION = YES_AGGRESSIVE;
				CLANG_CXX_LANGUAGE_STANDARD = "gnu++20";
				CLANG_ENABLE_MODULES = YES;
				CLANG_ENABLE_OBJC_ARC = YES;
				CLANG_ENABLE_OBJC_WEAK = YES;
				CLANG_WARN_BLOCK_CAPTURE_AUTORELEASING = YES;
				CLANG_WARN_BOOL_CONVERSION = YES;
				CLANG_WARN_COMMA = YES;
				CLANG_WARN_CONSTANT_CONVERSION = YES;
				CLANG_WARN_DEPRECATED_OBJC_IMPLEMENTATIONS = YES;
				CLANG_WARN_DIRECT_OBJC_ISA_USAGE = YES_ERROR;
				CLANG_WARN_DOCUMENTATION_COMMENTS = YES;
				CLANG_WARN_EMPTY_BODY = YES;
				CLANG_WARN_ENUM_CONVERSION = YES;
				CLANG_WARN_INFINITE_RECURSION = YES;
				CLANG_WARN_INT_CONVERSION = YES;
				CLANG_WARN_NON_LITERAL_NULL_CONVERSION = YES;
				CLANG_WARN_OBJC_IMPLICIT_RETAIN_SELF = YES;
				CLANG_WARN_OBJC_LITERAL_CONVERSION = YES;
				CLANG_WARN_OBJC_ROOT_CLASS = YES_ERROR;
				CLANG_WARN_QUOTED_INCLUDE_IN_FRAMEWORK_HEADER = YES;
				CLANG_WARN_RANGE_LOOP_ANALYSIS = YES;
				CLANG_WARN_STRICT_PROTOTYPES = YES;
				CLANG_WARN_SUSPICIOUS_MOVE = YES;
				CLANG_WARN_UNGUARDED_AVAILABILITY = YES_AGGRESSIVE;
				CLANG_WARN_UNREACHABLE_CODE = YES;
				CLANG_WARN__DUPLICATE_METHOD_MATCH = YES;
				COPY_PHASE_STRIP = NO;
				DEBUG_INFORMATION_FORMAT = "dwarf-with-dsym";
				ENABLE_NS_ASSERTIONS = NO;
				ENABLE_STRICT_OBJC_MSGSEND = YES;
				ENABLE_USER_SCRIPT_SANDBOXING = YES;
				GCC_C_LANGUAGE_STANDARD = gnu17;
				GCC_NO_COMMON_BLOCKS = YES;
				GCC_WARN_64_TO_32_BIT_CONVERSION = YES;
				GCC_WARN_ABOUT_RETURN_TYPE = YES_ERROR;
				GCC_WARN_UNDECLARED_SELECTOR = YES;
				GCC_WARN_UNINITIALIZED_AUTOS = YES_AGGRESSIVE;
				GCC_WARN_UNUSED_FUNCTION = YES;
				GCC_WARN_UNUSED_VARIABLE = YES;
				IPHONEOS_DEPLOYMENT_TARGET = 17.5;
				LOCALIZATION_PREFERS_STRING_CATALOGS = YES;
				MTL_ENABLE_DEBUG_INFO = NO;
				MTL_FAST_MATH = YES;
				SDKROOT = iphoneos;
				SWIFT_COMPILATION_MODE = wholemodule;
				VALIDATE_PRODUCT = YES;
			};
			name = Release;
		};
		7E443FF32C3374A7007A3854 /* Debug */ = {
			isa = XCBuildConfiguration;
			buildSettings = {
				ASSETCATALOG_COMPILER_APPICON_NAME = AppIcon;
				ASSETCATALOG_COMPILER_GLOBAL_ACCENT_COLOR_NAME = AccentColor;
				CODE_SIGN_STYLE = Automatic;
				CURRENT_PROJECT_VERSION = 1;
				DEVELOPMENT_ASSET_PATHS = "\"DelishDish/Preview Content\"";
				DEVELOPMENT_TEAM = PSG73K8W9X;
				ENABLE_PREVIEWS = YES;
				GENERATE_INFOPLIST_FILE = YES;
				INFOPLIST_KEY_UIApplicationSceneManifest_Generation = YES;
				INFOPLIST_KEY_UIApplicationSupportsIndirectInputEvents = YES;
				INFOPLIST_KEY_UILaunchScreen_Generation = YES;
				INFOPLIST_KEY_UISupportedInterfaceOrientations_iPad = "UIInterfaceOrientationPortrait UIInterfaceOrientationPortraitUpsideDown UIInterfaceOrientationLandscapeLeft UIInterfaceOrientationLandscapeRight";
				INFOPLIST_KEY_UISupportedInterfaceOrientations_iPhone = "UIInterfaceOrientationPortrait UIInterfaceOrientationLandscapeLeft UIInterfaceOrientationLandscapeRight";
				LD_RUNPATH_SEARCH_PATHS = (
					"$(inherited)",
					"@executable_path/Frameworks",
				);
				MARKETING_VERSION = 1.0;
				PRODUCT_BUNDLE_IDENTIFIER = com.volkans.DelishDish;
				PRODUCT_NAME = "$(TARGET_NAME)";
				SWIFT_EMIT_LOC_STRINGS = YES;
				SWIFT_VERSION = 5.0;
				TARGETED_DEVICE_FAMILY = "1,2";
			};
			name = Debug;
		};
		7E443FF42C3374A7007A3854 /* Release */ = {
			isa = XCBuildConfiguration;
			buildSettings = {
				ASSETCATALOG_COMPILER_APPICON_NAME = AppIcon;
				ASSETCATALOG_COMPILER_GLOBAL_ACCENT_COLOR_NAME = AccentColor;
				CODE_SIGN_STYLE = Automatic;
				CURRENT_PROJECT_VERSION = 1;
				DEVELOPMENT_ASSET_PATHS = "\"DelishDish/Preview Content\"";
				DEVELOPMENT_TEAM = PSG73K8W9X;
				ENABLE_PREVIEWS = YES;
				GENERATE_INFOPLIST_FILE = YES;
				INFOPLIST_KEY_UIApplicationSceneManifest_Generation = YES;
				INFOPLIST_KEY_UIApplicationSupportsIndirectInputEvents = YES;
				INFOPLIST_KEY_UILaunchScreen_Generation = YES;
				INFOPLIST_KEY_UISupportedInterfaceOrientations_iPad = "UIInterfaceOrientationPortrait UIInterfaceOrientationPortraitUpsideDown UIInterfaceOrientationLandscapeLeft UIInterfaceOrientationLandscapeRight";
				INFOPLIST_KEY_UISupportedInterfaceOrientations_iPhone = "UIInterfaceOrientationPortrait UIInterfaceOrientationLandscapeLeft UIInterfaceOrientationLandscapeRight";
				LD_RUNPATH_SEARCH_PATHS = (
					"$(inherited)",
					"@executable_path/Frameworks",
				);
				MARKETING_VERSION = 1.0;
				PRODUCT_BUNDLE_IDENTIFIER = com.volkans.DelishDish;
				PRODUCT_NAME = "$(TARGET_NAME)";
				SWIFT_EMIT_LOC_STRINGS = YES;
				SWIFT_VERSION = 5.0;
				TARGETED_DEVICE_FAMILY = "1,2";
			};
			name = Release;
		};
/* End XCBuildConfiguration section */

/* Begin XCConfigurationList section */
		7E443FDF2C3374A4007A3854 /* Build configuration list for PBXProject "DelishDish" */ = {
			isa = XCConfigurationList;
			buildConfigurations = (
				7E443FF02C3374A7007A3854 /* Debug */,
				7E443FF12C3374A7007A3854 /* Release */,
			);
			defaultConfigurationIsVisible = 0;
			defaultConfigurationName = Release;
		};
		7E443FF22C3374A7007A3854 /* Build configuration list for PBXNativeTarget "DelishDish" */ = {
			isa = XCConfigurationList;
			buildConfigurations = (
				7E443FF32C3374A7007A3854 /* Debug */,
				7E443FF42C3374A7007A3854 /* Release */,
			);
			defaultConfigurationIsVisible = 0;
			defaultConfigurationName = Release;
		};
/* End XCConfigurationList section */

/* Begin XCRemoteSwiftPackageReference section */
		7E0EEED12C38082600E239AC /* XCRemoteSwiftPackageReference "firebase-ios-sdk" */ = {
			isa = XCRemoteSwiftPackageReference;
			repositoryURL = "https://github.com/firebase/firebase-ios-sdk";
			requirement = {
				kind = upToNextMajorVersion;
				minimumVersion = 10.28.1;
			};
		};
/* End XCRemoteSwiftPackageReference section */

/* Begin XCSwiftPackageProductDependency section */
		7E0EEED22C38082600E239AC /* FirebaseAnalytics */ = {
			isa = XCSwiftPackageProductDependency;
			package = 7E0EEED12C38082600E239AC /* XCRemoteSwiftPackageReference "firebase-ios-sdk" */;
			productName = FirebaseAnalytics;
		};
		7E0EEED42C38082600E239AC /* FirebaseAnalyticsOnDeviceConversion */ = {
			isa = XCSwiftPackageProductDependency;
			package = 7E0EEED12C38082600E239AC /* XCRemoteSwiftPackageReference "firebase-ios-sdk" */;
			productName = FirebaseAnalyticsOnDeviceConversion;
		};
		7E0EEED62C38082600E239AC /* FirebaseAnalyticsSwift */ = {
			isa = XCSwiftPackageProductDependency;
			package = 7E0EEED12C38082600E239AC /* XCRemoteSwiftPackageReference "firebase-ios-sdk" */;
			productName = FirebaseAnalyticsSwift;
		};
		7E0EEED82C38082600E239AC /* FirebaseAnalyticsWithoutAdIdSupport */ = {
			isa = XCSwiftPackageProductDependency;
			package = 7E0EEED12C38082600E239AC /* XCRemoteSwiftPackageReference "firebase-ios-sdk" */;
			productName = FirebaseAnalyticsWithoutAdIdSupport;
		};
		7E0EEEDA2C38082600E239AC /* FirebaseAppCheck */ = {
			isa = XCSwiftPackageProductDependency;
			package = 7E0EEED12C38082600E239AC /* XCRemoteSwiftPackageReference "firebase-ios-sdk" */;
			productName = FirebaseAppCheck;
		};
		7E0EEEDC2C38082600E239AC /* FirebaseAppDistribution-Beta */ = {
			isa = XCSwiftPackageProductDependency;
			package = 7E0EEED12C38082600E239AC /* XCRemoteSwiftPackageReference "firebase-ios-sdk" */;
			productName = "FirebaseAppDistribution-Beta";
		};
		7E0EEEDE2C38082600E239AC /* FirebaseAuth */ = {
			isa = XCSwiftPackageProductDependency;
			package = 7E0EEED12C38082600E239AC /* XCRemoteSwiftPackageReference "firebase-ios-sdk" */;
			productName = FirebaseAuth;
		};
		7E0EEEE02C38082600E239AC /* FirebaseAuthCombine-Community */ = {
			isa = XCSwiftPackageProductDependency;
			package = 7E0EEED12C38082600E239AC /* XCRemoteSwiftPackageReference "firebase-ios-sdk" */;
			productName = "FirebaseAuthCombine-Community";
		};
		7E0EEEE22C38082600E239AC /* FirebaseCrashlytics */ = {
			isa = XCSwiftPackageProductDependency;
			package = 7E0EEED12C38082600E239AC /* XCRemoteSwiftPackageReference "firebase-ios-sdk" */;
			productName = FirebaseCrashlytics;
		};
		7E0EEEE42C38082600E239AC /* FirebaseDatabase */ = {
			isa = XCSwiftPackageProductDependency;
			package = 7E0EEED12C38082600E239AC /* XCRemoteSwiftPackageReference "firebase-ios-sdk" */;
			productName = FirebaseDatabase;
		};
		7E0EEEE62C38082600E239AC /* FirebaseDatabaseSwift */ = {
			isa = XCSwiftPackageProductDependency;
			package = 7E0EEED12C38082600E239AC /* XCRemoteSwiftPackageReference "firebase-ios-sdk" */;
			productName = FirebaseDatabaseSwift;
		};
		7E0EEEE82C38082600E239AC /* FirebaseDynamicLinks */ = {
			isa = XCSwiftPackageProductDependency;
			package = 7E0EEED12C38082600E239AC /* XCRemoteSwiftPackageReference "firebase-ios-sdk" */;
			productName = FirebaseDynamicLinks;
		};
		7E0EEEEA2C38082600E239AC /* FirebaseFirestore */ = {
			isa = XCSwiftPackageProductDependency;
			package = 7E0EEED12C38082600E239AC /* XCRemoteSwiftPackageReference "firebase-ios-sdk" */;
			productName = FirebaseFirestore;
		};
		7E0EEEEC2C38082600E239AC /* FirebaseFirestoreCombine-Community */ = {
			isa = XCSwiftPackageProductDependency;
			package = 7E0EEED12C38082600E239AC /* XCRemoteSwiftPackageReference "firebase-ios-sdk" */;
			productName = "FirebaseFirestoreCombine-Community";
		};
		7E0EEEEE2C38082600E239AC /* FirebaseFirestoreSwift */ = {
			isa = XCSwiftPackageProductDependency;
			package = 7E0EEED12C38082600E239AC /* XCRemoteSwiftPackageReference "firebase-ios-sdk" */;
			productName = FirebaseFirestoreSwift;
		};
		7E0EEEF02C38082600E239AC /* FirebaseFunctions */ = {
			isa = XCSwiftPackageProductDependency;
			package = 7E0EEED12C38082600E239AC /* XCRemoteSwiftPackageReference "firebase-ios-sdk" */;
			productName = FirebaseFunctions;
		};
		7E0EEEF22C38082600E239AC /* FirebaseFunctionsCombine-Community */ = {
			isa = XCSwiftPackageProductDependency;
			package = 7E0EEED12C38082600E239AC /* XCRemoteSwiftPackageReference "firebase-ios-sdk" */;
			productName = "FirebaseFunctionsCombine-Community";
		};
		7E0EEEF42C38082600E239AC /* FirebaseInAppMessaging-Beta */ = {
			isa = XCSwiftPackageProductDependency;
			package = 7E0EEED12C38082600E239AC /* XCRemoteSwiftPackageReference "firebase-ios-sdk" */;
			productName = "FirebaseInAppMessaging-Beta";
		};
		7E0EEEF62C38082600E239AC /* FirebaseInAppMessagingSwift-Beta */ = {
			isa = XCSwiftPackageProductDependency;
			package = 7E0EEED12C38082600E239AC /* XCRemoteSwiftPackageReference "firebase-ios-sdk" */;
			productName = "FirebaseInAppMessagingSwift-Beta";
		};
		7E0EEEF82C38082600E239AC /* FirebaseInstallations */ = {
			isa = XCSwiftPackageProductDependency;
			package = 7E0EEED12C38082600E239AC /* XCRemoteSwiftPackageReference "firebase-ios-sdk" */;
			productName = FirebaseInstallations;
		};
		7E0EEEFA2C38082600E239AC /* FirebaseMLModelDownloader */ = {
			isa = XCSwiftPackageProductDependency;
			package = 7E0EEED12C38082600E239AC /* XCRemoteSwiftPackageReference "firebase-ios-sdk" */;
			productName = FirebaseMLModelDownloader;
		};
		7E0EEEFC2C38082600E239AC /* FirebaseMessaging */ = {
			isa = XCSwiftPackageProductDependency;
			package = 7E0EEED12C38082600E239AC /* XCRemoteSwiftPackageReference "firebase-ios-sdk" */;
			productName = FirebaseMessaging;
		};
		7E0EEEFE2C38082600E239AC /* FirebasePerformance */ = {
			isa = XCSwiftPackageProductDependency;
			package = 7E0EEED12C38082600E239AC /* XCRemoteSwiftPackageReference "firebase-ios-sdk" */;
			productName = FirebasePerformance;
		};
		7E0EEF002C38082600E239AC /* FirebaseRemoteConfig */ = {
			isa = XCSwiftPackageProductDependency;
			package = 7E0EEED12C38082600E239AC /* XCRemoteSwiftPackageReference "firebase-ios-sdk" */;
			productName = FirebaseRemoteConfig;
		};
		7E0EEF022C38082600E239AC /* FirebaseRemoteConfigSwift */ = {
			isa = XCSwiftPackageProductDependency;
			package = 7E0EEED12C38082600E239AC /* XCRemoteSwiftPackageReference "firebase-ios-sdk" */;
			productName = FirebaseRemoteConfigSwift;
		};
		7E0EEF042C38082600E239AC /* FirebaseStorage */ = {
			isa = XCSwiftPackageProductDependency;
			package = 7E0EEED12C38082600E239AC /* XCRemoteSwiftPackageReference "firebase-ios-sdk" */;
			productName = FirebaseStorage;
		};
		7E0EEF062C38082600E239AC /* FirebaseStorageCombine-Community */ = {
			isa = XCSwiftPackageProductDependency;
			package = 7E0EEED12C38082600E239AC /* XCRemoteSwiftPackageReference "firebase-ios-sdk" */;
			productName = "FirebaseStorageCombine-Community";
		};
		7E0EEF082C38082600E239AC /* FirebaseVertexAI-Preview */ = {
			isa = XCSwiftPackageProductDependency;
			package = 7E0EEED12C38082600E239AC /* XCRemoteSwiftPackageReference "firebase-ios-sdk" */;
			productName = "FirebaseVertexAI-Preview";
		};
/* End XCSwiftPackageProductDependency section */
	};
	rootObject = 7E443FDC2C3374A4007A3854 /* Project object */;
}
